// !$*UTF8*$!
{
	archiveVersion = 1;
	classes = {
	};
	objectVersion = 46;
	objects = {

/* Begin PBXBuildFile section */
		1D60589F0D05DD5A006BFB54 /* Foundation.framework in Frameworks */ = {isa = PBXBuildFile; fileRef = 1D30AB110D05D00D00671497 /* Foundation.framework */; };
		1DF5F4E00D08C38300B7A737 /* UIKit.framework in Frameworks */ = {isa = PBXBuildFile; fileRef = 1DF5F4DF0D08C38300B7A737 /* UIKit.framework */; };
		288765A50DF7441C002DB57D /* CoreGraphics.framework in Frameworks */ = {isa = PBXBuildFile; fileRef = 288765A40DF7441C002DB57D /* CoreGraphics.framework */; };
		84EA8BC712D604AE0033C894 /* AVFoundation.framework in Frameworks */ = {isa = PBXBuildFile; fileRef = 84EA8BC612D604AE0033C894 /* AVFoundation.framework */; };
		84EA8BCD12D604B40033C894 /* CoreMedia.framework in Frameworks */ = {isa = PBXBuildFile; fileRef = 84EA8BCC12D604B40033C894 /* CoreMedia.framework */; };
		84EA8BD112D604BD0033C894 /* MediaPlayer.framework in Frameworks */ = {isa = PBXBuildFile; fileRef = 84EA8BD012D604BD0033C894 /* MediaPlayer.framework */; };
		8A3E12A0167627CA0057B67C /* sharing-m.png in Resources */ = {isa = PBXBuildFile; fileRef = 8A3E129D167627CA0057B67C /* sharing-m.png */; };
		8A3E12A1167627CA0057B67C /* vdo-call-m.png in Resources */ = {isa = PBXBuildFile; fileRef = 8A3E129E167627CA0057B67C /* vdo-call-m.png */; };
		8A3E12A2167627CA0057B67C /* youtube-m.png in Resources */ = {isa = PBXBuildFile; fileRef = 8A3E129F167627CA0057B67C /* youtube-m.png */; };
		8AE6360F1670EEC700E41C4D /* sharing.png in Resources */ = {isa = PBXBuildFile; fileRef = 8AE6360C1670EEC500E41C4D /* sharing.png */; };
		8AE636101670EEC700E41C4D /* vdo-call.png in Resources */ = {isa = PBXBuildFile; fileRef = 8AE6360D1670EEC500E41C4D /* vdo-call.png */; };
		8AE636111670EEC700E41C4D /* youtube.png in Resources */ = {isa = PBXBuildFile; fileRef = 8AE6360E1670EEC600E41C4D /* youtube.png */; };
		A761068916358CCB00F916E6 /* ListViewController.m in Sources */ = {isa = PBXBuildFile; fileRef = A761068716358CCB00F916E6 /* ListViewController.m */; };
		A761068A16358CCB00F916E6 /* ListViewController.xib in Resources */ = {isa = PBXBuildFile; fileRef = A761068816358CCB00F916E6 /* ListViewController.xib */; };
		A773DB1416677F3E003CD6AB /* CustomMoviePlayerViewController.m in Sources */ = {isa = PBXBuildFile; fileRef = A773DB1316677F3E003CD6AB /* CustomMoviePlayerViewController.m */; };
		A78771841670FF0D00B4A500 /* icon.png in Resources */ = {isa = PBXBuildFile; fileRef = A78771831670FF0D00B4A500 /* icon.png */; };
		A78C99AC162BDE210050BBAC /* prog_index.m3u8 in Resources */ = {isa = PBXBuildFile; fileRef = A78C99AB162BDE210050BBAC /* prog_index.m3u8 */; };
		AF8B7A34163939AA000FCB97 /* VedioPlayingControllerViewController.m in Sources */ = {isa = PBXBuildFile; fileRef = AF8B7A32163939AA000FCB97 /* VedioPlayingControllerViewController.m */; };
		AF8B7A35163939AA000FCB97 /* VedioPlayingControllerViewController.xib in Resources */ = {isa = PBXBuildFile; fileRef = AF8B7A33163939AA000FCB97 /* VedioPlayingControllerViewController.xib */; };
		E32B212314BE82EE005EBF49 /* libCocoaHTTPServer.a in Frameworks */ = {isa = PBXBuildFile; fileRef = E32B211B14BE82A8005EBF49 /* libCocoaHTTPServer.a */; };
		E32B215914BE84BF005EBF49 /* EndUserContextFilter.m in Sources */ = {isa = PBXBuildFile; fileRef = E32B214914BE84BF005EBF49 /* EndUserContextFilter.m */; };
		E32B215A14BE84BF005EBF49 /* CustomLogFormatter.m in Sources */ = {isa = PBXBuildFile; fileRef = E32B214D14BE84BF005EBF49 /* CustomLogFormatter.m */; };
		E32B215C14BE84BF005EBF49 /* index.html in Resources */ = {isa = PBXBuildFile; fileRef = E32B215514BE84BF005EBF49 /* index.html */; };
		E32B215E14BE84BF005EBF49 /* socket.html in Resources */ = {isa = PBXBuildFile; fileRef = E32B215714BE84BF005EBF49 /* socket.html */; };
		E32B215F14BE84BF005EBF49 /* styles.css in Resources */ = {isa = PBXBuildFile; fileRef = E32B215814BE84BF005EBF49 /* styles.css */; };
		E32B216014BE84E8005EBF49 /* jquery-1.4.2.min.js in Resources */ = {isa = PBXBuildFile; fileRef = E32B215614BE84BF005EBF49 /* jquery-1.4.2.min.js */; };
		E32B217814BE874A005EBF49 /* WebHTTPConnection.m in Sources */ = {isa = PBXBuildFile; fileRef = E32B217714BE874A005EBF49 /* WebHTTPConnection.m */; };
		E32B21AF14BE8FB9005EBF49 /* CFNetwork.framework in Frameworks */ = {isa = PBXBuildFile; fileRef = E32B21AE14BE8FB9005EBF49 /* CFNetwork.framework */; };
		E33D7A4F14DD48D50063B80E /* PJDetailViewController.m in Sources */ = {isa = PBXBuildFile; fileRef = E33D7A4C14DD48D50063B80E /* PJDetailViewController.m */; };
		E33D7A5014DD48D50063B80E /* PJMasterViewController.m in Sources */ = {isa = PBXBuildFile; fileRef = E33D7A4E14DD48D50063B80E /* PJMasterViewController.m */; };
		E33D7A5514DD48E80063B80E /* PJDetailViewController_iPad.xib in Resources */ = {isa = PBXBuildFile; fileRef = E33D7A5114DD48E80063B80E /* PJDetailViewController_iPad.xib */; };
		E33D7A5614DD48E80063B80E /* PJDetailViewController_iPhone.xib in Resources */ = {isa = PBXBuildFile; fileRef = E33D7A5214DD48E80063B80E /* PJDetailViewController_iPhone.xib */; };
		E33D7A5714DD48E80063B80E /* PJMasterViewController_iPad.xib in Resources */ = {isa = PBXBuildFile; fileRef = E33D7A5314DD48E80063B80E /* PJMasterViewController_iPad.xib */; };
		E33D7A5814DD48E80063B80E /* PJMasterViewController_iPhone.xib in Resources */ = {isa = PBXBuildFile; fileRef = E33D7A5414DD48E80063B80E /* PJMasterViewController_iPhone.xib */; };
		E365D42C1673059B0049EA16 /* MultiRowDeleteTableViewController.m in Sources */ = {isa = PBXBuildFile; fileRef = E365D42B1673059B0049EA16 /* MultiRowDeleteTableViewController.m */; };
		E365D42F167305AC0049EA16 /* selected.png in Resources */ = {isa = PBXBuildFile; fileRef = E365D42D167305AC0049EA16 /* selected.png */; };
		E365D430167305AC0049EA16 /* unselected.png in Resources */ = {isa = PBXBuildFile; fileRef = E365D42E167305AC0049EA16 /* unselected.png */; };
		E37A1BAE14DE53F1004D24EA /* PJMasterYTViewController.m in Sources */ = {isa = PBXBuildFile; fileRef = E37A1BAD14DE53F1004D24EA /* PJMasterYTViewController.m */; };
		E37A1BF214DE663F004D24EA /* ARAnnotations.m in Sources */ = {isa = PBXBuildFile; fileRef = E37A1BB314DE663F004D24EA /* ARAnnotations.m */; };
		E37A1BF314DE663F004D24EA /* ARCoordinate.m in Sources */ = {isa = PBXBuildFile; fileRef = E37A1BB514DE663F004D24EA /* ARCoordinate.m */; };
		E37A1BF414DE663F004D24EA /* ARGeoCoordinate.m in Sources */ = {isa = PBXBuildFile; fileRef = E37A1BB714DE663F004D24EA /* ARGeoCoordinate.m */; };
		E37A1BF514DE663F004D24EA /* ARGeoViewController.m in Sources */ = {isa = PBXBuildFile; fileRef = E37A1BB914DE663F004D24EA /* ARGeoViewController.m */; };
		E37A1BF614DE663F004D24EA /* ARViewController.m in Sources */ = {isa = PBXBuildFile; fileRef = E37A1BBB14DE663F004D24EA /* ARViewController.m */; };
		E37A1BF714DE663F004D24EA /* LAAnnotation.m in Sources */ = {isa = PBXBuildFile; fileRef = E37A1BBD14DE663F004D24EA /* LAAnnotation.m */; };
		E37A1BF814DE663F004D24EA /* LACircle.m in Sources */ = {isa = PBXBuildFile; fileRef = E37A1BBF14DE663F004D24EA /* LACircle.m */; };
		E37A1BF914DE663F004D24EA /* Camera.m in Sources */ = {isa = PBXBuildFile; fileRef = E37A1BC314DE663F004D24EA /* Camera.m */; };
		E37A1BFA14DE663F004D24EA /* PictureInPictureViewController.m in Sources */ = {isa = PBXBuildFile; fileRef = E37A1BC614DE663F004D24EA /* PictureInPictureViewController.m */; };
		E37A1BFB14DE663F004D24EA /* CollaborationView.m in Sources */ = {isa = PBXBuildFile; fileRef = E37A1BC914DE663F004D24EA /* CollaborationView.m */; };
		E37A1BFC14DE663F004D24EA /* AppLogFileResponse.m in Sources */ = {isa = PBXBuildFile; fileRef = E37A1BCC14DE663F004D24EA /* AppLogFileResponse.m */; };
		E37A1BFD14DE663F004D24EA /* MyCustomHTTPResponseHandler.m in Sources */ = {isa = PBXBuildFile; fileRef = E37A1BCE14DE663F004D24EA /* MyCustomHTTPResponseHandler.m */; };
		E37A1BFE14DE663F004D24EA /* MyCustomHTTPServer.m in Sources */ = {isa = PBXBuildFile; fileRef = E37A1BD014DE663F004D24EA /* MyCustomHTTPServer.m */; };
		E37A1BFF14DE663F004D24EA /* PeerLobbyController.m in Sources */ = {isa = PBXBuildFile; fileRef = E37A1BD414DE663F004D24EA /* PeerLobbyController.m */; };
		E37A1C0014DE663F004D24EA /* UIWindowAdditions.m in Sources */ = {isa = PBXBuildFile; fileRef = E37A1BD814DE663F004D24EA /* UIWindowAdditions.m */; };
		E37A1C0114DE663F004D24EA /* LoggerAppDelegate.m in Sources */ = {isa = PBXBuildFile; fileRef = E37A1BDB14DE663F004D24EA /* LoggerAppDelegate.m */; };
		E37A1C0214DE663F004D24EA /* LoggerViewController.m in Sources */ = {isa = PBXBuildFile; fileRef = E37A1BDE14DE663F004D24EA /* LoggerViewController.m */; };
		E37A1C0314DE663F004D24EA /* videoFrameManager.m in Sources */ = {isa = PBXBuildFile; fileRef = E37A1BE114DE663F004D24EA /* videoFrameManager.m */; };
		E37A1C0514DE663F004D24EA /* PeerVoiceController.m in Sources */ = {isa = PBXBuildFile; fileRef = E37A1BE614DE663F004D24EA /* PeerVoiceController.m */; };
		E37A1C0614DE663F004D24EA /* SessionManager.m in Sources */ = {isa = PBXBuildFile; fileRef = E37A1BE814DE663F004D24EA /* SessionManager.m */; };
		E37A1C0C14DE663F004D24EA /* PeerLobbyController.xib in Resources */ = {isa = PBXBuildFile; fileRef = E37A1BF014DE663F004D24EA /* PeerLobbyController.xib */; };
		E37A1C0D14DE663F004D24EA /* PeerVoiceController.xib in Resources */ = {isa = PBXBuildFile; fileRef = E37A1BF114DE663F004D24EA /* PeerVoiceController.xib */; };
		E37A1C1114DE66A8004D24EA /* PictureInPictureViewController.xib in Resources */ = {isa = PBXBuildFile; fileRef = E37A1C0F14DE66A8004D24EA /* PictureInPictureViewController.xib */; };
		E37A1C1314DE66EE004D24EA /* CoreLocation.framework in Frameworks */ = {isa = PBXBuildFile; fileRef = E37A1C1214DE66ED004D24EA /* CoreLocation.framework */; };
		E37A1C1514DE672D004D24EA /* AudioToolbox.framework in Frameworks */ = {isa = PBXBuildFile; fileRef = E37A1C1414DE672D004D24EA /* AudioToolbox.framework */; };
		E37A1C1714DE6736004D24EA /* GameKit.framework in Frameworks */ = {isa = PBXBuildFile; fileRef = E37A1C1614DE6735004D24EA /* GameKit.framework */; };
		E37A1C1914DE675C004D24EA /* CoreVideo.framework in Frameworks */ = {isa = PBXBuildFile; fileRef = E37A1C1814DE675C004D24EA /* CoreVideo.framework */; };
		E37A1C1B14DE67BE004D24EA /* QuartzCore.framework in Frameworks */ = {isa = PBXBuildFile; fileRef = E37A1C1A14DE67BE004D24EA /* QuartzCore.framework */; };
		E3847CB114C9964100E8B5A7 /* DownloadQViewController.m in Sources */ = {isa = PBXBuildFile; fileRef = E3847CAC14C9964100E8B5A7 /* DownloadQViewController.m */; };
		E3847CB214C9964100E8B5A7 /* DownloadsViewController.m in Sources */ = {isa = PBXBuildFile; fileRef = E3847CAE14C9964100E8B5A7 /* DownloadsViewController.m */; };
		E3847CB314C9964100E8B5A7 /* SCBUTubeViewController.m in Sources */ = {isa = PBXBuildFile; fileRef = E3847CB014C9964100E8B5A7 /* SCBUTubeViewController.m */; };
		E3847CBB14C9964C00E8B5A7 /* DownloadInfo.m in Sources */ = {isa = PBXBuildFile; fileRef = E3847CB614C9964C00E8B5A7 /* DownloadInfo.m */; };
		E3847CBC14C9964C00E8B5A7 /* DownloadManager.m in Sources */ = {isa = PBXBuildFile; fileRef = E3847CB814C9964C00E8B5A7 /* DownloadManager.m */; };
		E3847CBD14C9964C00E8B5A7 /* UIDownloadBar.m in Sources */ = {isa = PBXBuildFile; fileRef = E3847CBA14C9964C00E8B5A7 /* UIDownloadBar.m */; };
		E3847CC114C9965600E8B5A7 /* SCBUTubeAppDelegate.m in Sources */ = {isa = PBXBuildFile; fileRef = E3847CC014C9965600E8B5A7 /* SCBUTubeAppDelegate.m */; };
		E3847CC514C9966100E8B5A7 /* SlideToCancelViewController.m in Sources */ = {isa = PBXBuildFile; fileRef = E3847CC414C9966100E8B5A7 /* SlideToCancelViewController.m */; };
		E3847CDE14C9969D00E8B5A7 /* goback.png in Resources */ = {isa = PBXBuildFile; fileRef = E3847CCA14C9969D00E8B5A7 /* goback.png */; };
		E3847CE314C9969D00E8B5A7 /* noun_project_403_1.png in Resources */ = {isa = PBXBuildFile; fileRef = E3847CCF14C9969D00E8B5A7 /* noun_project_403_1.png */; };
		E3847CE414C9969D00E8B5A7 /* noun_project_403_1@2x.png in Resources */ = {isa = PBXBuildFile; fileRef = E3847CD014C9969D00E8B5A7 /* noun_project_403_1@2x.png */; };
		E3847CE514C9969D00E8B5A7 /* noun_project_533.png in Resources */ = {isa = PBXBuildFile; fileRef = E3847CD114C9969D00E8B5A7 /* noun_project_533.png */; };
		E3847CE614C9969D00E8B5A7 /* noun_project_533@2x.png in Resources */ = {isa = PBXBuildFile; fileRef = E3847CD214C9969D00E8B5A7 /* noun_project_533@2x.png */; };
		E3847CE714C9969D00E8B5A7 /* pause.png in Resources */ = {isa = PBXBuildFile; fileRef = E3847CD314C9969D00E8B5A7 /* pause.png */; };
		E3847CE814C9969D00E8B5A7 /* Q.png in Resources */ = {isa = PBXBuildFile; fileRef = E3847CD414C9969D00E8B5A7 /* Q.png */; };
		E3847CE914C9969D00E8B5A7 /* QProgress.png in Resources */ = {isa = PBXBuildFile; fileRef = E3847CD514C9969D00E8B5A7 /* QProgress.png */; };
		E3847CEA14C9969D00E8B5A7 /* ReStart.png in Resources */ = {isa = PBXBuildFile; fileRef = E3847CD614C9969D00E8B5A7 /* ReStart.png */; };
		E3847CEC14C9969D00E8B5A7 /* sliderThumb.png in Resources */ = {isa = PBXBuildFile; fileRef = E3847CD814C9969D00E8B5A7 /* sliderThumb.png */; };
		E3847CED14C9969D00E8B5A7 /* sliderTrack.png in Resources */ = {isa = PBXBuildFile; fileRef = E3847CD914C9969D00E8B5A7 /* sliderTrack.png */; };
		E3847CEE14C9969D00E8B5A7 /* toolbar-queue.png in Resources */ = {isa = PBXBuildFile; fileRef = E3847CDA14C9969D00E8B5A7 /* toolbar-queue.png */; };
		E3847CF214C996B200E8B5A7 /* main.m in Sources */ = {isa = PBXBuildFile; fileRef = E3847CF014C996B200E8B5A7 /* main.m */; };
		E3847D0814C99CD800E8B5A7 /* forward.png in Resources */ = {isa = PBXBuildFile; fileRef = E3847D0714C99CD800E8B5A7 /* forward.png */; };
		E3847D0E14C99CE900E8B5A7 /* DownloadQueue.xib in Resources */ = {isa = PBXBuildFile; fileRef = E3847D0A14C99CE900E8B5A7 /* DownloadQueue.xib */; };
		E3847D0F14C99CE900E8B5A7 /* Downloads.xib in Resources */ = {isa = PBXBuildFile; fileRef = E3847D0B14C99CE900E8B5A7 /* Downloads.xib */; };
		E3847D1114C99CE900E8B5A7 /* MyTubeViewController.xib in Resources */ = {isa = PBXBuildFile; fileRef = E3847D0D14C99CE900E8B5A7 /* MyTubeViewController.xib */; };
		E3847D1314C99FB300E8B5A7 /* downloadqueue.png in Resources */ = {isa = PBXBuildFile; fileRef = E3847D1214C99FB300E8B5A7 /* downloadqueue.png */; };
		E3E646EB14DC2FBE00C23718 /* Objective_Zipper.m in Sources */ = {isa = PBXBuildFile; fileRef = E3E646AF14DC2FBE00C23718 /* Objective_Zipper.m */; };
		E3E646EF14DC2FBE00C23718 /* ioapi.c in Sources */ = {isa = PBXBuildFile; fileRef = E3E646B514DC2FBE00C23718 /* ioapi.c */; };
		E3E646F014DC2FBE00C23718 /* mztools.c in Sources */ = {isa = PBXBuildFile; fileRef = E3E646B714DC2FBE00C23718 /* mztools.c */; };
		E3E646F114DC2FBE00C23718 /* unzip.c in Sources */ = {isa = PBXBuildFile; fileRef = E3E646B914DC2FBE00C23718 /* unzip.c */; };
		E3E646F214DC2FBE00C23718 /* zip.c in Sources */ = {isa = PBXBuildFile; fileRef = E3E646BB14DC2FBE00C23718 /* zip.c */; };
		E3E646F314DC2FBE00C23718 /* FileInZipInfo.m in Sources */ = {isa = PBXBuildFile; fileRef = E3E646BF14DC2FBE00C23718 /* FileInZipInfo.m */; };
		E3E646F414DC2FBE00C23718 /* ZipException.m in Sources */ = {isa = PBXBuildFile; fileRef = E3E646C114DC2FBE00C23718 /* ZipException.m */; };
		E3E646F514DC2FBE00C23718 /* ZipFile.m in Sources */ = {isa = PBXBuildFile; fileRef = E3E646C314DC2FBE00C23718 /* ZipFile.m */; };
		E3E646F614DC2FBE00C23718 /* ZipReadStream.m in Sources */ = {isa = PBXBuildFile; fileRef = E3E646C514DC2FBE00C23718 /* ZipReadStream.m */; };
		E3E646F714DC2FBE00C23718 /* ZipWriteStream.m in Sources */ = {isa = PBXBuildFile; fileRef = E3E646C714DC2FBE00C23718 /* ZipWriteStream.m */; };
		E3E646FB14DC2FBE00C23718 /* adler32.c in Sources */ = {isa = PBXBuildFile; fileRef = E3E646D014DC2FBE00C23718 /* adler32.c */; };
		E3E646FC14DC2FBE00C23718 /* compress.c in Sources */ = {isa = PBXBuildFile; fileRef = E3E646D114DC2FBE00C23718 /* compress.c */; };
		E3E646FD14DC2FBE00C23718 /* crc32.c in Sources */ = {isa = PBXBuildFile; fileRef = E3E646D214DC2FBE00C23718 /* crc32.c */; };
		E3E646FE14DC2FBE00C23718 /* deflate.c in Sources */ = {isa = PBXBuildFile; fileRef = E3E646D414DC2FBE00C23718 /* deflate.c */; };
		E3E646FF14DC2FBE00C23718 /* gzio.c in Sources */ = {isa = PBXBuildFile; fileRef = E3E646D614DC2FBE00C23718 /* gzio.c */; };
		E3E6470014DC2FBE00C23718 /* infback.c in Sources */ = {isa = PBXBuildFile; fileRef = E3E646D714DC2FBE00C23718 /* infback.c */; };
		E3E6470114DC2FBE00C23718 /* inffast.c in Sources */ = {isa = PBXBuildFile; fileRef = E3E646D814DC2FBE00C23718 /* inffast.c */; };
		E3E6470214DC2FBE00C23718 /* inflate.c in Sources */ = {isa = PBXBuildFile; fileRef = E3E646DB14DC2FBE00C23718 /* inflate.c */; };
		E3E6470314DC2FBE00C23718 /* inftrees.c in Sources */ = {isa = PBXBuildFile; fileRef = E3E646DD14DC2FBE00C23718 /* inftrees.c */; };
		E3E6470414DC2FBE00C23718 /* trees.c in Sources */ = {isa = PBXBuildFile; fileRef = E3E646DF14DC2FBE00C23718 /* trees.c */; };
		E3E6470514DC2FBE00C23718 /* uncompr.c in Sources */ = {isa = PBXBuildFile; fileRef = E3E646E114DC2FBE00C23718 /* uncompr.c */; };
		E3E6470614DC2FBE00C23718 /* zutil.c in Sources */ = {isa = PBXBuildFile; fileRef = E3E646E414DC2FBE00C23718 /* zutil.c */; };
/* End PBXBuildFile section */

/* Begin PBXContainerItemProxy section */
		E32B211A14BE82A8005EBF49 /* PBXContainerItemProxy */ = {
			isa = PBXContainerItemProxy;
			containerPortal = E32B211214BE82A8005EBF49 /* CocoaHTTPServer.xcodeproj */;
			proxyType = 2;
			remoteGlobalIDString = 84C08BBF149F64A0001D6500;
			remoteInfo = CocoaHTTPServer;
		};
		E32B212414BE82F7005EBF49 /* PBXContainerItemProxy */ = {
			isa = PBXContainerItemProxy;
			containerPortal = E32B211214BE82A8005EBF49 /* CocoaHTTPServer.xcodeproj */;
			proxyType = 1;
			remoteGlobalIDString = 84C08BBE149F64A0001D6500;
			remoteInfo = CocoaHTTPServer;
		};
/* End PBXContainerItemProxy section */

/* Begin PBXFileReference section */
		1D30AB110D05D00D00671497 /* Foundation.framework */ = {isa = PBXFileReference; lastKnownFileType = wrapper.framework; name = Foundation.framework; path = System/Library/Frameworks/Foundation.framework; sourceTree = SDKROOT; };
		1D6058910D05DD3D006BFB54 /* SCBUTube.app */ = {isa = PBXFileReference; explicitFileType = wrapper.application; includeInIndex = 0; path = SCBUTube.app; sourceTree = BUILT_PRODUCTS_DIR; };
		1DF5F4DF0D08C38300B7A737 /* UIKit.framework */ = {isa = PBXFileReference; lastKnownFileType = wrapper.framework; name = UIKit.framework; path = System/Library/Frameworks/UIKit.framework; sourceTree = SDKROOT; };
		288765A40DF7441C002DB57D /* CoreGraphics.framework */ = {isa = PBXFileReference; lastKnownFileType = wrapper.framework; name = CoreGraphics.framework; path = System/Library/Frameworks/CoreGraphics.framework; sourceTree = SDKROOT; };
		84EA8BC612D604AE0033C894 /* AVFoundation.framework */ = {isa = PBXFileReference; lastKnownFileType = wrapper.framework; name = AVFoundation.framework; path = System/Library/Frameworks/AVFoundation.framework; sourceTree = SDKROOT; };
		84EA8BCC12D604B40033C894 /* CoreMedia.framework */ = {isa = PBXFileReference; lastKnownFileType = wrapper.framework; name = CoreMedia.framework; path = System/Library/Frameworks/CoreMedia.framework; sourceTree = SDKROOT; };
		84EA8BD012D604BD0033C894 /* MediaPlayer.framework */ = {isa = PBXFileReference; lastKnownFileType = wrapper.framework; name = MediaPlayer.framework; path = System/Library/Frameworks/MediaPlayer.framework; sourceTree = SDKROOT; };
		8A3E129D167627CA0057B67C /* sharing-m.png */ = {isa = PBXFileReference; lastKnownFileType = image.png; path = "sharing-m.png"; sourceTree = "<group>"; };
		8A3E129E167627CA0057B67C /* vdo-call-m.png */ = {isa = PBXFileReference; lastKnownFileType = image.png; path = "vdo-call-m.png"; sourceTree = "<group>"; };
		8A3E129F167627CA0057B67C /* youtube-m.png */ = {isa = PBXFileReference; lastKnownFileType = image.png; path = "youtube-m.png"; sourceTree = "<group>"; };
		8AE6360C1670EEC500E41C4D /* sharing.png */ = {isa = PBXFileReference; lastKnownFileType = image.png; path = sharing.png; sourceTree = "<group>"; };
		8AE6360D1670EEC500E41C4D /* vdo-call.png */ = {isa = PBXFileReference; lastKnownFileType = image.png; path = "vdo-call.png"; sourceTree = "<group>"; };
		8AE6360E1670EEC600E41C4D /* youtube.png */ = {isa = PBXFileReference; lastKnownFileType = image.png; path = youtube.png; sourceTree = "<group>"; };
		A761068616358CCB00F916E6 /* ListViewController.h */ = {isa = PBXFileReference; fileEncoding = 4; lastKnownFileType = sourcecode.c.h; path = ListViewController.h; sourceTree = "<group>"; };
		A761068716358CCB00F916E6 /* ListViewController.m */ = {isa = PBXFileReference; fileEncoding = 4; lastKnownFileType = sourcecode.c.objc; path = ListViewController.m; sourceTree = "<group>"; };
		A761068816358CCB00F916E6 /* ListViewController.xib */ = {isa = PBXFileReference; fileEncoding = 4; lastKnownFileType = file.xib; name = ListViewController.xib; path = ../Classes/Voice/ListViewController.xib; sourceTree = "<group>"; };
		A773DB1216677F3E003CD6AB /* CustomMoviePlayerViewController.h */ = {isa = PBXFileReference; fileEncoding = 4; lastKnownFileType = sourcecode.c.h; path = CustomMoviePlayerViewController.h; sourceTree = "<group>"; };
		A773DB1316677F3E003CD6AB /* CustomMoviePlayerViewController.m */ = {isa = PBXFileReference; fileEncoding = 4; lastKnownFileType = sourcecode.c.objc; path = CustomMoviePlayerViewController.m; sourceTree = "<group>"; };
		A77C41151627FFC600898633 /* colgate.mp4 */ = {isa = PBXFileReference; lastKnownFileType = file; path = colgate.mp4; sourceTree = "<group>"; };
		A78771831670FF0D00B4A500 /* icon.png */ = {isa = PBXFileReference; lastKnownFileType = image.png; path = icon.png; sourceTree = "<group>"; };
		A78C99AB162BDE210050BBAC /* prog_index.m3u8 */ = {isa = PBXFileReference; fileEncoding = 4; lastKnownFileType = text; path = prog_index.m3u8; sourceTree = "<group>"; };
		AF8B7A31163939AA000FCB97 /* VedioPlayingControllerViewController.h */ = {isa = PBXFileReference; fileEncoding = 4; lastKnownFileType = sourcecode.c.h; path = VedioPlayingControllerViewController.h; sourceTree = "<group>"; };
		AF8B7A32163939AA000FCB97 /* VedioPlayingControllerViewController.m */ = {isa = PBXFileReference; fileEncoding = 4; lastKnownFileType = sourcecode.c.objc; path = VedioPlayingControllerViewController.m; sourceTree = "<group>"; };
		AF8B7A33163939AA000FCB97 /* VedioPlayingControllerViewController.xib */ = {isa = PBXFileReference; fileEncoding = 4; lastKnownFileType = file.xib; name = VedioPlayingControllerViewController.xib; path = ../Classes/Voice/VedioPlayingControllerViewController.xib; sourceTree = "<group>"; };
		E32B211214BE82A8005EBF49 /* CocoaHTTPServer.xcodeproj */ = {isa = PBXFileReference; lastKnownFileType = "wrapper.pb-project"; name = CocoaHTTPServer.xcodeproj; path = Components/CocoaHTTPServer/CocoaHTTPServer.xcodeproj; sourceTree = "<group>"; };
		E32B214814BE84BF005EBF49 /* EndUserContextFilter.h */ = {isa = PBXFileReference; fileEncoding = 4; lastKnownFileType = sourcecode.c.h; path = EndUserContextFilter.h; sourceTree = "<group>"; };
		E32B214914BE84BF005EBF49 /* EndUserContextFilter.m */ = {isa = PBXFileReference; fileEncoding = 4; lastKnownFileType = sourcecode.c.objc; path = EndUserContextFilter.m; sourceTree = "<group>"; };
		E32B214A14BE84BF005EBF49 /* EndUserLogging.h */ = {isa = PBXFileReference; fileEncoding = 4; lastKnownFileType = sourcecode.c.h; path = EndUserLogging.h; sourceTree = "<group>"; };
		E32B214C14BE84BF005EBF49 /* CustomLogFormatter.h */ = {isa = PBXFileReference; fileEncoding = 4; lastKnownFileType = sourcecode.c.h; path = CustomLogFormatter.h; sourceTree = "<group>"; };
		E32B214D14BE84BF005EBF49 /* CustomLogFormatter.m */ = {isa = PBXFileReference; fileEncoding = 4; lastKnownFileType = sourcecode.c.objc; path = CustomLogFormatter.m; sourceTree = "<group>"; };
		E32B214F14BE84BF005EBF49 /* CustomLogLevel.h */ = {isa = PBXFileReference; fileEncoding = 4; lastKnownFileType = sourcecode.c.h; path = CustomLogLevel.h; sourceTree = "<group>"; };
		E32B215014BE84BF005EBF49 /* GlobalLogging.h */ = {isa = PBXFileReference; fileEncoding = 4; lastKnownFileType = sourcecode.c.h; path = GlobalLogging.h; sourceTree = "<group>"; };
		E32B215214BE84BF005EBF49 /* FineGrainedLog.h */ = {isa = PBXFileReference; fileEncoding = 4; lastKnownFileType = sourcecode.c.h; path = FineGrainedLog.h; sourceTree = "<group>"; };
		E32B215314BE84BF005EBF49 /* ReadMe.txt */ = {isa = PBXFileReference; fileEncoding = 4; lastKnownFileType = text; path = ReadMe.txt; sourceTree = "<group>"; };
		E32B215514BE84BF005EBF49 /* index.html */ = {isa = PBXFileReference; fileEncoding = 4; lastKnownFileType = text.html; path = index.html; sourceTree = "<group>"; };
		E32B215614BE84BF005EBF49 /* jquery-1.4.2.min.js */ = {isa = PBXFileReference; fileEncoding = 4; lastKnownFileType = sourcecode.javascript; path = "jquery-1.4.2.min.js"; sourceTree = "<group>"; };
		E32B215714BE84BF005EBF49 /* socket.html */ = {isa = PBXFileReference; fileEncoding = 4; lastKnownFileType = text.html; path = socket.html; sourceTree = "<group>"; };
		E32B215814BE84BF005EBF49 /* styles.css */ = {isa = PBXFileReference; fileEncoding = 4; lastKnownFileType = text.css; path = styles.css; sourceTree = "<group>"; };
		E32B217614BE874A005EBF49 /* WebHTTPConnection.h */ = {isa = PBXFileReference; fileEncoding = 4; lastKnownFileType = sourcecode.c.h; path = WebHTTPConnection.h; sourceTree = "<group>"; };
		E32B217714BE874A005EBF49 /* WebHTTPConnection.m */ = {isa = PBXFileReference; fileEncoding = 4; lastKnownFileType = sourcecode.c.objc; path = WebHTTPConnection.m; sourceTree = "<group>"; };
		E32B21AE14BE8FB9005EBF49 /* CFNetwork.framework */ = {isa = PBXFileReference; lastKnownFileType = wrapper.framework; name = CFNetwork.framework; path = System/Library/Frameworks/CFNetwork.framework; sourceTree = SDKROOT; };
		E33D7A4B14DD48D50063B80E /* PJDetailViewController.h */ = {isa = PBXFileReference; fileEncoding = 4; lastKnownFileType = sourcecode.c.h; path = PJDetailViewController.h; sourceTree = "<group>"; };
		E33D7A4C14DD48D50063B80E /* PJDetailViewController.m */ = {isa = PBXFileReference; fileEncoding = 4; lastKnownFileType = sourcecode.c.objc; path = PJDetailViewController.m; sourceTree = "<group>"; };
		E33D7A4D14DD48D50063B80E /* PJMasterViewController.h */ = {isa = PBXFileReference; fileEncoding = 4; lastKnownFileType = sourcecode.c.h; path = PJMasterViewController.h; sourceTree = "<group>"; };
		E33D7A4E14DD48D50063B80E /* PJMasterViewController.m */ = {isa = PBXFileReference; fileEncoding = 4; lastKnownFileType = sourcecode.c.objc; path = PJMasterViewController.m; sourceTree = "<group>"; };
		E33D7A5114DD48E80063B80E /* PJDetailViewController_iPad.xib */ = {isa = PBXFileReference; fileEncoding = 4; lastKnownFileType = file.xib; path = PJDetailViewController_iPad.xib; sourceTree = "<group>"; };
		E33D7A5214DD48E80063B80E /* PJDetailViewController_iPhone.xib */ = {isa = PBXFileReference; fileEncoding = 4; lastKnownFileType = file.xib; path = PJDetailViewController_iPhone.xib; sourceTree = "<group>"; };
		E33D7A5314DD48E80063B80E /* PJMasterViewController_iPad.xib */ = {isa = PBXFileReference; fileEncoding = 4; lastKnownFileType = file.xib; path = PJMasterViewController_iPad.xib; sourceTree = "<group>"; };
		E33D7A5414DD48E80063B80E /* PJMasterViewController_iPhone.xib */ = {isa = PBXFileReference; fileEncoding = 4; lastKnownFileType = file.xib; path = PJMasterViewController_iPhone.xib; sourceTree = "<group>"; };
		E365D42A1673059B0049EA16 /* MultiRowDeleteTableViewController.h */ = {isa = PBXFileReference; fileEncoding = 4; lastKnownFileType = sourcecode.c.h; path = MultiRowDeleteTableViewController.h; sourceTree = "<group>"; };
		E365D42B1673059B0049EA16 /* MultiRowDeleteTableViewController.m */ = {isa = PBXFileReference; fileEncoding = 4; lastKnownFileType = sourcecode.c.objc; path = MultiRowDeleteTableViewController.m; sourceTree = "<group>"; };
		E365D42D167305AC0049EA16 /* selected.png */ = {isa = PBXFileReference; lastKnownFileType = image.png; path = selected.png; sourceTree = "<group>"; };
		E365D42E167305AC0049EA16 /* unselected.png */ = {isa = PBXFileReference; lastKnownFileType = image.png; path = unselected.png; sourceTree = "<group>"; };
		E37A1BAC14DE53F1004D24EA /* PJMasterYTViewController.h */ = {isa = PBXFileReference; fileEncoding = 4; lastKnownFileType = sourcecode.c.h; path = PJMasterYTViewController.h; sourceTree = "<group>"; };
		E37A1BAD14DE53F1004D24EA /* PJMasterYTViewController.m */ = {isa = PBXFileReference; fileEncoding = 4; lastKnownFileType = sourcecode.c.objc; path = PJMasterYTViewController.m; sourceTree = "<group>"; };
		E37A1BB214DE663F004D24EA /* ARAnnotations.h */ = {isa = PBXFileReference; fileEncoding = 4; lastKnownFileType = sourcecode.c.h; path = ARAnnotations.h; sourceTree = "<group>"; };
		E37A1BB314DE663F004D24EA /* ARAnnotations.m */ = {isa = PBXFileReference; fileEncoding = 4; lastKnownFileType = sourcecode.c.objc; path = ARAnnotations.m; sourceTree = "<group>"; };
		E37A1BB414DE663F004D24EA /* ARCoordinate.h */ = {isa = PBXFileReference; fileEncoding = 4; lastKnownFileType = sourcecode.c.h; path = ARCoordinate.h; sourceTree = "<group>"; };
		E37A1BB514DE663F004D24EA /* ARCoordinate.m */ = {isa = PBXFileReference; fileEncoding = 4; lastKnownFileType = sourcecode.c.objc; path = ARCoordinate.m; sourceTree = "<group>"; };
		E37A1BB614DE663F004D24EA /* ARGeoCoordinate.h */ = {isa = PBXFileReference; fileEncoding = 4; lastKnownFileType = sourcecode.c.h; path = ARGeoCoordinate.h; sourceTree = "<group>"; };
		E37A1BB714DE663F004D24EA /* ARGeoCoordinate.m */ = {isa = PBXFileReference; fileEncoding = 4; lastKnownFileType = sourcecode.c.objc; path = ARGeoCoordinate.m; sourceTree = "<group>"; };
		E37A1BB814DE663F004D24EA /* ARGeoViewController.h */ = {isa = PBXFileReference; fileEncoding = 4; lastKnownFileType = sourcecode.c.h; path = ARGeoViewController.h; sourceTree = "<group>"; };
		E37A1BB914DE663F004D24EA /* ARGeoViewController.m */ = {isa = PBXFileReference; fileEncoding = 4; lastKnownFileType = sourcecode.c.objc; path = ARGeoViewController.m; sourceTree = "<group>"; };
		E37A1BBA14DE663F004D24EA /* ARViewController.h */ = {isa = PBXFileReference; fileEncoding = 4; lastKnownFileType = sourcecode.c.h; path = ARViewController.h; sourceTree = "<group>"; };
		E37A1BBB14DE663F004D24EA /* ARViewController.m */ = {isa = PBXFileReference; fileEncoding = 4; lastKnownFileType = sourcecode.c.objc; path = ARViewController.m; sourceTree = "<group>"; };
		E37A1BBC14DE663F004D24EA /* LAAnnotation.h */ = {isa = PBXFileReference; fileEncoding = 4; lastKnownFileType = sourcecode.c.h; path = LAAnnotation.h; sourceTree = "<group>"; };
		E37A1BBD14DE663F004D24EA /* LAAnnotation.m */ = {isa = PBXFileReference; fileEncoding = 4; lastKnownFileType = sourcecode.c.objc; path = LAAnnotation.m; sourceTree = "<group>"; };
		E37A1BBE14DE663F004D24EA /* LACircle.h */ = {isa = PBXFileReference; fileEncoding = 4; lastKnownFileType = sourcecode.c.h; path = LACircle.h; sourceTree = "<group>"; };
		E37A1BBF14DE663F004D24EA /* LACircle.m */ = {isa = PBXFileReference; fileEncoding = 4; lastKnownFileType = sourcecode.c.objc; path = LACircle.m; sourceTree = "<group>"; };
		E37A1BC214DE663F004D24EA /* Camera.h */ = {isa = PBXFileReference; fileEncoding = 4; lastKnownFileType = sourcecode.c.h; path = Camera.h; sourceTree = "<group>"; };
		E37A1BC314DE663F004D24EA /* Camera.m */ = {isa = PBXFileReference; fileEncoding = 4; lastKnownFileType = sourcecode.c.objc; path = Camera.m; sourceTree = "<group>"; };
		E37A1BC514DE663F004D24EA /* PictureInPictureViewController.h */ = {isa = PBXFileReference; fileEncoding = 4; lastKnownFileType = sourcecode.c.h; path = PictureInPictureViewController.h; sourceTree = "<group>"; };
		E37A1BC614DE663F004D24EA /* PictureInPictureViewController.m */ = {isa = PBXFileReference; fileEncoding = 4; lastKnownFileType = sourcecode.c.objc; path = PictureInPictureViewController.m; sourceTree = "<group>"; };
		E37A1BC814DE663F004D24EA /* CollaborationView.h */ = {isa = PBXFileReference; fileEncoding = 4; lastKnownFileType = sourcecode.c.h; path = CollaborationView.h; sourceTree = "<group>"; };
		E37A1BC914DE663F004D24EA /* CollaborationView.m */ = {isa = PBXFileReference; fileEncoding = 4; lastKnownFileType = sourcecode.c.objc; path = CollaborationView.m; sourceTree = "<group>"; };
		E37A1BCB14DE663F004D24EA /* AppLogFileResponse.h */ = {isa = PBXFileReference; fileEncoding = 4; lastKnownFileType = sourcecode.c.h; path = AppLogFileResponse.h; sourceTree = "<group>"; };
		E37A1BCC14DE663F004D24EA /* AppLogFileResponse.m */ = {isa = PBXFileReference; fileEncoding = 4; lastKnownFileType = sourcecode.c.objc; path = AppLogFileResponse.m; sourceTree = "<group>"; };
		E37A1BCD14DE663F004D24EA /* MyCustomHTTPResponseHandler.h */ = {isa = PBXFileReference; fileEncoding = 4; lastKnownFileType = sourcecode.c.h; path = MyCustomHTTPResponseHandler.h; sourceTree = "<group>"; };
		E37A1BCE14DE663F004D24EA /* MyCustomHTTPResponseHandler.m */ = {isa = PBXFileReference; fileEncoding = 4; lastKnownFileType = sourcecode.c.objc; path = MyCustomHTTPResponseHandler.m; sourceTree = "<group>"; };
		E37A1BCF14DE663F004D24EA /* MyCustomHTTPServer.h */ = {isa = PBXFileReference; fileEncoding = 4; lastKnownFileType = sourcecode.c.h; path = MyCustomHTTPServer.h; sourceTree = "<group>"; };
		E37A1BD014DE663F004D24EA /* MyCustomHTTPServer.m */ = {isa = PBXFileReference; fileEncoding = 4; lastKnownFileType = sourcecode.c.objc; path = MyCustomHTTPServer.m; sourceTree = "<group>"; };
		E37A1BD114DE663F004D24EA /* SynthesizeSingleton.h */ = {isa = PBXFileReference; fileEncoding = 4; lastKnownFileType = sourcecode.c.h; path = SynthesizeSingleton.h; sourceTree = "<group>"; };
		E37A1BD314DE663F004D24EA /* PeerLobbyController.h */ = {isa = PBXFileReference; fileEncoding = 4; lastKnownFileType = sourcecode.c.h; path = PeerLobbyController.h; sourceTree = "<group>"; };
		E37A1BD414DE663F004D24EA /* PeerLobbyController.m */ = {isa = PBXFileReference; fileEncoding = 4; lastKnownFileType = sourcecode.c.objc; path = PeerLobbyController.m; sourceTree = "<group>"; };
		E37A1BD714DE663F004D24EA /* UIWindowAdditions.h */ = {isa = PBXFileReference; fileEncoding = 4; lastKnownFileType = sourcecode.c.h; path = UIWindowAdditions.h; sourceTree = "<group>"; };
		E37A1BD814DE663F004D24EA /* UIWindowAdditions.m */ = {isa = PBXFileReference; fileEncoding = 4; lastKnownFileType = sourcecode.c.objc; path = UIWindowAdditions.m; sourceTree = "<group>"; };
		E37A1BDA14DE663F004D24EA /* LoggerAppDelegate.h */ = {isa = PBXFileReference; fileEncoding = 4; lastKnownFileType = sourcecode.c.h; path = LoggerAppDelegate.h; sourceTree = "<group>"; };
		E37A1BDB14DE663F004D24EA /* LoggerAppDelegate.m */ = {isa = PBXFileReference; fileEncoding = 4; lastKnownFileType = sourcecode.c.objc; path = LoggerAppDelegate.m; sourceTree = "<group>"; };
		E37A1BDC14DE663F004D24EA /* LoggerProtocol.h */ = {isa = PBXFileReference; fileEncoding = 4; lastKnownFileType = sourcecode.c.h; path = LoggerProtocol.h; sourceTree = "<group>"; };
		E37A1BDD14DE663F004D24EA /* LoggerViewController.h */ = {isa = PBXFileReference; fileEncoding = 4; lastKnownFileType = sourcecode.c.h; path = LoggerViewController.h; sourceTree = "<group>"; };
		E37A1BDE14DE663F004D24EA /* LoggerViewController.m */ = {isa = PBXFileReference; fileEncoding = 4; lastKnownFileType = sourcecode.c.objc; path = LoggerViewController.m; sourceTree = "<group>"; };
		E37A1BE014DE663F004D24EA /* videoFrameManager.h */ = {isa = PBXFileReference; fileEncoding = 4; lastKnownFileType = sourcecode.c.h; path = videoFrameManager.h; sourceTree = "<group>"; };
		E37A1BE114DE663F004D24EA /* videoFrameManager.m */ = {isa = PBXFileReference; fileEncoding = 4; lastKnownFileType = sourcecode.c.objc; path = videoFrameManager.m; sourceTree = "<group>"; };
		E37A1BE514DE663F004D24EA /* PeerVoiceController.h */ = {isa = PBXFileReference; fileEncoding = 4; lastKnownFileType = sourcecode.c.h; path = PeerVoiceController.h; sourceTree = "<group>"; };
		E37A1BE614DE663F004D24EA /* PeerVoiceController.m */ = {isa = PBXFileReference; fileEncoding = 4; lastKnownFileType = sourcecode.c.objc; path = PeerVoiceController.m; sourceTree = "<group>"; };
		E37A1BE714DE663F004D24EA /* SessionManager.h */ = {isa = PBXFileReference; fileEncoding = 4; lastKnownFileType = sourcecode.c.h; path = SessionManager.h; sourceTree = "<group>"; };
		E37A1BE814DE663F004D24EA /* SessionManager.m */ = {isa = PBXFileReference; fileEncoding = 4; lastKnownFileType = sourcecode.c.objc; path = SessionManager.m; sourceTree = "<group>"; };
		E37A1BF014DE663F004D24EA /* PeerLobbyController.xib */ = {isa = PBXFileReference; fileEncoding = 4; lastKnownFileType = file.xib; path = PeerLobbyController.xib; sourceTree = "<group>"; };
		E37A1BF114DE663F004D24EA /* PeerVoiceController.xib */ = {isa = PBXFileReference; fileEncoding = 4; lastKnownFileType = file.xib; path = PeerVoiceController.xib; sourceTree = "<group>"; };
		E37A1C0F14DE66A8004D24EA /* PictureInPictureViewController.xib */ = {isa = PBXFileReference; fileEncoding = 4; lastKnownFileType = file.xib; path = PictureInPictureViewController.xib; sourceTree = "<group>"; };
		E37A1C1214DE66ED004D24EA /* CoreLocation.framework */ = {isa = PBXFileReference; lastKnownFileType = wrapper.framework; name = CoreLocation.framework; path = System/Library/Frameworks/CoreLocation.framework; sourceTree = SDKROOT; };
		E37A1C1414DE672D004D24EA /* AudioToolbox.framework */ = {isa = PBXFileReference; lastKnownFileType = wrapper.framework; name = AudioToolbox.framework; path = System/Library/Frameworks/AudioToolbox.framework; sourceTree = SDKROOT; };
		E37A1C1614DE6735004D24EA /* GameKit.framework */ = {isa = PBXFileReference; lastKnownFileType = wrapper.framework; name = GameKit.framework; path = System/Library/Frameworks/GameKit.framework; sourceTree = SDKROOT; };
		E37A1C1814DE675C004D24EA /* CoreVideo.framework */ = {isa = PBXFileReference; lastKnownFileType = wrapper.framework; name = CoreVideo.framework; path = System/Library/Frameworks/CoreVideo.framework; sourceTree = SDKROOT; };
		E37A1C1A14DE67BE004D24EA /* QuartzCore.framework */ = {isa = PBXFileReference; lastKnownFileType = wrapper.framework; name = QuartzCore.framework; path = System/Library/Frameworks/QuartzCore.framework; sourceTree = SDKROOT; };
		E3847CAB14C9964100E8B5A7 /* DownloadQViewController.h */ = {isa = PBXFileReference; fileEncoding = 4; lastKnownFileType = sourcecode.c.h; path = DownloadQViewController.h; sourceTree = "<group>"; };
		E3847CAC14C9964100E8B5A7 /* DownloadQViewController.m */ = {isa = PBXFileReference; fileEncoding = 4; lastKnownFileType = sourcecode.c.objc; path = DownloadQViewController.m; sourceTree = "<group>"; };
		E3847CAD14C9964100E8B5A7 /* DownloadsViewController.h */ = {isa = PBXFileReference; fileEncoding = 4; lastKnownFileType = sourcecode.c.h; path = DownloadsViewController.h; sourceTree = "<group>"; };
		E3847CAE14C9964100E8B5A7 /* DownloadsViewController.m */ = {isa = PBXFileReference; fileEncoding = 4; lastKnownFileType = sourcecode.c.objc; path = DownloadsViewController.m; sourceTree = "<group>"; };
		E3847CAF14C9964100E8B5A7 /* SCBUTubeViewController.h */ = {isa = PBXFileReference; fileEncoding = 4; lastKnownFileType = sourcecode.c.h; path = SCBUTubeViewController.h; sourceTree = "<group>"; };
		E3847CB014C9964100E8B5A7 /* SCBUTubeViewController.m */ = {isa = PBXFileReference; fileEncoding = 4; lastKnownFileType = sourcecode.c.objc; path = SCBUTubeViewController.m; sourceTree = "<group>"; };
		E3847CB514C9964C00E8B5A7 /* DownloadInfo.h */ = {isa = PBXFileReference; fileEncoding = 4; lastKnownFileType = sourcecode.c.h; path = DownloadInfo.h; sourceTree = "<group>"; };
		E3847CB614C9964C00E8B5A7 /* DownloadInfo.m */ = {isa = PBXFileReference; fileEncoding = 4; lastKnownFileType = sourcecode.c.objc; path = DownloadInfo.m; sourceTree = "<group>"; };
		E3847CB714C9964C00E8B5A7 /* DownloadManager.h */ = {isa = PBXFileReference; fileEncoding = 4; lastKnownFileType = sourcecode.c.h; path = DownloadManager.h; sourceTree = "<group>"; };
		E3847CB814C9964C00E8B5A7 /* DownloadManager.m */ = {isa = PBXFileReference; fileEncoding = 4; lastKnownFileType = sourcecode.c.objc; path = DownloadManager.m; sourceTree = "<group>"; };
		E3847CB914C9964C00E8B5A7 /* UIDownloadBar.h */ = {isa = PBXFileReference; fileEncoding = 4; lastKnownFileType = sourcecode.c.h; path = UIDownloadBar.h; sourceTree = "<group>"; };
		E3847CBA14C9964C00E8B5A7 /* UIDownloadBar.m */ = {isa = PBXFileReference; fileEncoding = 4; lastKnownFileType = sourcecode.c.objc; path = UIDownloadBar.m; sourceTree = "<group>"; };
		E3847CBF14C9965600E8B5A7 /* SCBUTubeAppDelegate.h */ = {isa = PBXFileReference; fileEncoding = 4; lastKnownFileType = sourcecode.c.h; path = SCBUTubeAppDelegate.h; sourceTree = "<group>"; };
		E3847CC014C9965600E8B5A7 /* SCBUTubeAppDelegate.m */ = {isa = PBXFileReference; fileEncoding = 4; lastKnownFileType = sourcecode.c.objc; path = SCBUTubeAppDelegate.m; sourceTree = "<group>"; };
		E3847CC314C9966100E8B5A7 /* SlideToCancelViewController.h */ = {isa = PBXFileReference; fileEncoding = 4; lastKnownFileType = sourcecode.c.h; path = SlideToCancelViewController.h; sourceTree = "<group>"; };
		E3847CC414C9966100E8B5A7 /* SlideToCancelViewController.m */ = {isa = PBXFileReference; fileEncoding = 4; lastKnownFileType = sourcecode.c.objc; path = SlideToCancelViewController.m; sourceTree = "<group>"; };
		E3847CCA14C9969D00E8B5A7 /* goback.png */ = {isa = PBXFileReference; lastKnownFileType = image.png; path = goback.png; sourceTree = "<group>"; };
		E3847CCF14C9969D00E8B5A7 /* noun_project_403_1.png */ = {isa = PBXFileReference; lastKnownFileType = image.png; path = noun_project_403_1.png; sourceTree = "<group>"; };
		E3847CD014C9969D00E8B5A7 /* noun_project_403_1@2x.png */ = {isa = PBXFileReference; lastKnownFileType = image.png; path = "noun_project_403_1@2x.png"; sourceTree = "<group>"; };
		E3847CD114C9969D00E8B5A7 /* noun_project_533.png */ = {isa = PBXFileReference; lastKnownFileType = image.png; path = noun_project_533.png; sourceTree = "<group>"; };
		E3847CD214C9969D00E8B5A7 /* noun_project_533@2x.png */ = {isa = PBXFileReference; lastKnownFileType = image.png; path = "noun_project_533@2x.png"; sourceTree = "<group>"; };
		E3847CD314C9969D00E8B5A7 /* pause.png */ = {isa = PBXFileReference; lastKnownFileType = image.png; path = pause.png; sourceTree = "<group>"; };
		E3847CD414C9969D00E8B5A7 /* Q.png */ = {isa = PBXFileReference; lastKnownFileType = image.png; path = Q.png; sourceTree = "<group>"; };
		E3847CD514C9969D00E8B5A7 /* QProgress.png */ = {isa = PBXFileReference; lastKnownFileType = image.png; path = QProgress.png; sourceTree = "<group>"; };
		E3847CD614C9969D00E8B5A7 /* ReStart.png */ = {isa = PBXFileReference; lastKnownFileType = image.png; path = ReStart.png; sourceTree = "<group>"; };
		E3847CD714C9969D00E8B5A7 /* SCBUTube-Info.plist */ = {isa = PBXFileReference; fileEncoding = 4; lastKnownFileType = text.plist.xml; path = "SCBUTube-Info.plist"; sourceTree = "<group>"; };
		E3847CD814C9969D00E8B5A7 /* sliderThumb.png */ = {isa = PBXFileReference; lastKnownFileType = image.png; path = sliderThumb.png; sourceTree = "<group>"; };
		E3847CD914C9969D00E8B5A7 /* sliderTrack.png */ = {isa = PBXFileReference; lastKnownFileType = image.png; path = sliderTrack.png; sourceTree = "<group>"; };
		E3847CDA14C9969D00E8B5A7 /* toolbar-queue.png */ = {isa = PBXFileReference; lastKnownFileType = image.png; path = "toolbar-queue.png"; sourceTree = "<group>"; };
		E3847CF014C996B200E8B5A7 /* main.m */ = {isa = PBXFileReference; fileEncoding = 4; lastKnownFileType = sourcecode.c.objc; path = main.m; sourceTree = "<group>"; };
		E3847D0214C9990E00E8B5A7 /* SCBUTube_Prefix.pch */ = {isa = PBXFileReference; fileEncoding = 4; lastKnownFileType = sourcecode.c.h; path = SCBUTube_Prefix.pch; sourceTree = SOURCE_ROOT; };
		E3847D0714C99CD800E8B5A7 /* forward.png */ = {isa = PBXFileReference; lastKnownFileType = image.png; path = forward.png; sourceTree = "<group>"; };
		E3847D0A14C99CE900E8B5A7 /* DownloadQueue.xib */ = {isa = PBXFileReference; fileEncoding = 4; lastKnownFileType = file.xib; path = DownloadQueue.xib; sourceTree = "<group>"; };
		E3847D0B14C99CE900E8B5A7 /* Downloads.xib */ = {isa = PBXFileReference; fileEncoding = 4; lastKnownFileType = file.xib; path = Downloads.xib; sourceTree = "<group>"; };
		E3847D0D14C99CE900E8B5A7 /* MyTubeViewController.xib */ = {isa = PBXFileReference; fileEncoding = 4; lastKnownFileType = file.xib; path = MyTubeViewController.xib; sourceTree = "<group>"; };
		E3847D1214C99FB300E8B5A7 /* downloadqueue.png */ = {isa = PBXFileReference; lastKnownFileType = image.png; path = downloadqueue.png; sourceTree = "<group>"; };
		E3E646AE14DC2FBE00C23718 /* Objective_Zipper.h */ = {isa = PBXFileReference; fileEncoding = 4; lastKnownFileType = sourcecode.c.h; path = Objective_Zipper.h; sourceTree = "<group>"; };
		E3E646AF14DC2FBE00C23718 /* Objective_Zipper.m */ = {isa = PBXFileReference; fileEncoding = 4; lastKnownFileType = sourcecode.c.objc; path = Objective_Zipper.m; sourceTree = "<group>"; };
		E3E646B414DC2FBE00C23718 /* crypt.h */ = {isa = PBXFileReference; fileEncoding = 4; lastKnownFileType = sourcecode.c.h; path = crypt.h; sourceTree = "<group>"; };
		E3E646B514DC2FBE00C23718 /* ioapi.c */ = {isa = PBXFileReference; fileEncoding = 4; lastKnownFileType = sourcecode.c.c; path = ioapi.c; sourceTree = "<group>"; };
		E3E646B614DC2FBE00C23718 /* ioapi.h */ = {isa = PBXFileReference; fileEncoding = 4; lastKnownFileType = sourcecode.c.h; path = ioapi.h; sourceTree = "<group>"; };
		E3E646B714DC2FBE00C23718 /* mztools.c */ = {isa = PBXFileReference; fileEncoding = 4; lastKnownFileType = sourcecode.c.c; path = mztools.c; sourceTree = "<group>"; };
		E3E646B814DC2FBE00C23718 /* mztools.h */ = {isa = PBXFileReference; fileEncoding = 4; lastKnownFileType = sourcecode.c.h; path = mztools.h; sourceTree = "<group>"; };
		E3E646B914DC2FBE00C23718 /* unzip.c */ = {isa = PBXFileReference; fileEncoding = 4; lastKnownFileType = sourcecode.c.c; path = unzip.c; sourceTree = "<group>"; };
		E3E646BA14DC2FBE00C23718 /* unzip.h */ = {isa = PBXFileReference; fileEncoding = 4; lastKnownFileType = sourcecode.c.h; path = unzip.h; sourceTree = "<group>"; };
		E3E646BB14DC2FBE00C23718 /* zip.c */ = {isa = PBXFileReference; fileEncoding = 4; lastKnownFileType = sourcecode.c.c; path = zip.c; sourceTree = "<group>"; };
		E3E646BC14DC2FBE00C23718 /* zip.h */ = {isa = PBXFileReference; fileEncoding = 4; lastKnownFileType = sourcecode.c.h; path = zip.h; sourceTree = "<group>"; };
		E3E646BE14DC2FBE00C23718 /* FileInZipInfo.h */ = {isa = PBXFileReference; fileEncoding = 4; lastKnownFileType = sourcecode.c.h; path = FileInZipInfo.h; sourceTree = "<group>"; };
		E3E646BF14DC2FBE00C23718 /* FileInZipInfo.m */ = {isa = PBXFileReference; fileEncoding = 4; lastKnownFileType = sourcecode.c.objc; path = FileInZipInfo.m; sourceTree = "<group>"; };
		E3E646C014DC2FBE00C23718 /* ZipException.h */ = {isa = PBXFileReference; fileEncoding = 4; lastKnownFileType = sourcecode.c.h; path = ZipException.h; sourceTree = "<group>"; };
		E3E646C114DC2FBE00C23718 /* ZipException.m */ = {isa = PBXFileReference; fileEncoding = 4; lastKnownFileType = sourcecode.c.objc; path = ZipException.m; sourceTree = "<group>"; };
		E3E646C214DC2FBE00C23718 /* ZipFile.h */ = {isa = PBXFileReference; fileEncoding = 4; lastKnownFileType = sourcecode.c.h; path = ZipFile.h; sourceTree = "<group>"; };
		E3E646C314DC2FBE00C23718 /* ZipFile.m */ = {isa = PBXFileReference; fileEncoding = 4; lastKnownFileType = sourcecode.c.objc; path = ZipFile.m; sourceTree = "<group>"; };
		E3E646C414DC2FBE00C23718 /* ZipReadStream.h */ = {isa = PBXFileReference; fileEncoding = 4; lastKnownFileType = sourcecode.c.h; path = ZipReadStream.h; sourceTree = "<group>"; };
		E3E646C514DC2FBE00C23718 /* ZipReadStream.m */ = {isa = PBXFileReference; fileEncoding = 4; lastKnownFileType = sourcecode.c.objc; path = ZipReadStream.m; sourceTree = "<group>"; };
		E3E646C614DC2FBE00C23718 /* ZipWriteStream.h */ = {isa = PBXFileReference; fileEncoding = 4; lastKnownFileType = sourcecode.c.h; path = ZipWriteStream.h; sourceTree = "<group>"; };
		E3E646C714DC2FBE00C23718 /* ZipWriteStream.m */ = {isa = PBXFileReference; fileEncoding = 4; lastKnownFileType = sourcecode.c.objc; path = ZipWriteStream.m; sourceTree = "<group>"; };
		E3E646D014DC2FBE00C23718 /* adler32.c */ = {isa = PBXFileReference; fileEncoding = 4; lastKnownFileType = sourcecode.c.c; path = adler32.c; sourceTree = "<group>"; };
		E3E646D114DC2FBE00C23718 /* compress.c */ = {isa = PBXFileReference; fileEncoding = 4; lastKnownFileType = sourcecode.c.c; path = compress.c; sourceTree = "<group>"; };
		E3E646D214DC2FBE00C23718 /* crc32.c */ = {isa = PBXFileReference; fileEncoding = 4; lastKnownFileType = sourcecode.c.c; path = crc32.c; sourceTree = "<group>"; };
		E3E646D314DC2FBE00C23718 /* crc32.h */ = {isa = PBXFileReference; fileEncoding = 4; lastKnownFileType = sourcecode.c.h; path = crc32.h; sourceTree = "<group>"; };
		E3E646D414DC2FBE00C23718 /* deflate.c */ = {isa = PBXFileReference; fileEncoding = 4; lastKnownFileType = sourcecode.c.c; path = deflate.c; sourceTree = "<group>"; };
		E3E646D514DC2FBE00C23718 /* deflate.h */ = {isa = PBXFileReference; fileEncoding = 4; lastKnownFileType = sourcecode.c.h; path = deflate.h; sourceTree = "<group>"; };
		E3E646D614DC2FBE00C23718 /* gzio.c */ = {isa = PBXFileReference; fileEncoding = 4; lastKnownFileType = sourcecode.c.c; path = gzio.c; sourceTree = "<group>"; };
		E3E646D714DC2FBE00C23718 /* infback.c */ = {isa = PBXFileReference; fileEncoding = 4; lastKnownFileType = sourcecode.c.c; path = infback.c; sourceTree = "<group>"; };
		E3E646D814DC2FBE00C23718 /* inffast.c */ = {isa = PBXFileReference; fileEncoding = 4; lastKnownFileType = sourcecode.c.c; path = inffast.c; sourceTree = "<group>"; };
		E3E646D914DC2FBE00C23718 /* inffast.h */ = {isa = PBXFileReference; fileEncoding = 4; lastKnownFileType = sourcecode.c.h; path = inffast.h; sourceTree = "<group>"; };
		E3E646DA14DC2FBE00C23718 /* inffixed.h */ = {isa = PBXFileReference; fileEncoding = 4; lastKnownFileType = sourcecode.c.h; path = inffixed.h; sourceTree = "<group>"; };
		E3E646DB14DC2FBE00C23718 /* inflate.c */ = {isa = PBXFileReference; fileEncoding = 4; lastKnownFileType = sourcecode.c.c; path = inflate.c; sourceTree = "<group>"; };
		E3E646DC14DC2FBE00C23718 /* inflate.h */ = {isa = PBXFileReference; fileEncoding = 4; lastKnownFileType = sourcecode.c.h; path = inflate.h; sourceTree = "<group>"; };
		E3E646DD14DC2FBE00C23718 /* inftrees.c */ = {isa = PBXFileReference; fileEncoding = 4; lastKnownFileType = sourcecode.c.c; path = inftrees.c; sourceTree = "<group>"; };
		E3E646DE14DC2FBE00C23718 /* inftrees.h */ = {isa = PBXFileReference; fileEncoding = 4; lastKnownFileType = sourcecode.c.h; path = inftrees.h; sourceTree = "<group>"; };
		E3E646DF14DC2FBE00C23718 /* trees.c */ = {isa = PBXFileReference; fileEncoding = 4; lastKnownFileType = sourcecode.c.c; path = trees.c; sourceTree = "<group>"; };
		E3E646E014DC2FBE00C23718 /* trees.h */ = {isa = PBXFileReference; fileEncoding = 4; lastKnownFileType = sourcecode.c.h; path = trees.h; sourceTree = "<group>"; };
		E3E646E114DC2FBE00C23718 /* uncompr.c */ = {isa = PBXFileReference; fileEncoding = 4; lastKnownFileType = sourcecode.c.c; path = uncompr.c; sourceTree = "<group>"; };
		E3E646E214DC2FBE00C23718 /* zconf.h */ = {isa = PBXFileReference; fileEncoding = 4; lastKnownFileType = sourcecode.c.h; path = zconf.h; sourceTree = "<group>"; };
		E3E646E314DC2FBE00C23718 /* zlib.h */ = {isa = PBXFileReference; fileEncoding = 4; lastKnownFileType = sourcecode.c.h; path = zlib.h; sourceTree = "<group>"; };
		E3E646E414DC2FBE00C23718 /* zutil.c */ = {isa = PBXFileReference; fileEncoding = 4; lastKnownFileType = sourcecode.c.c; path = zutil.c; sourceTree = "<group>"; };
		E3E646E514DC2FBE00C23718 /* zutil.h */ = {isa = PBXFileReference; fileEncoding = 4; lastKnownFileType = sourcecode.c.h; path = zutil.h; sourceTree = "<group>"; };
/* End PBXFileReference section */

/* Begin PBXFrameworksBuildPhase section */
		1D60588F0D05DD3D006BFB54 /* Frameworks */ = {
			isa = PBXFrameworksBuildPhase;
			buildActionMask = 2147483647;
			files = (
				E37A1C1B14DE67BE004D24EA /* QuartzCore.framework in Frameworks */,
				84EA8BC712D604AE0033C894 /* AVFoundation.framework in Frameworks */,
				E37A1C1914DE675C004D24EA /* CoreVideo.framework in Frameworks */,
				E37A1C1714DE6736004D24EA /* GameKit.framework in Frameworks */,
				E37A1C1514DE672D004D24EA /* AudioToolbox.framework in Frameworks */,
				E37A1C1314DE66EE004D24EA /* CoreLocation.framework in Frameworks */,
				E32B21AF14BE8FB9005EBF49 /* CFNetwork.framework in Frameworks */,
				E32B212314BE82EE005EBF49 /* libCocoaHTTPServer.a in Frameworks */,
				288765A50DF7441C002DB57D /* CoreGraphics.framework in Frameworks */,
				84EA8BCD12D604B40033C894 /* CoreMedia.framework in Frameworks */,
				1D60589F0D05DD5A006BFB54 /* Foundation.framework in Frameworks */,
				84EA8BD112D604BD0033C894 /* MediaPlayer.framework in Frameworks */,
				1DF5F4E00D08C38300B7A737 /* UIKit.framework in Frameworks */,
			);
			runOnlyForDeploymentPostprocessing = 0;
		};
/* End PBXFrameworksBuildPhase section */

/* Begin PBXGroup section */
		080E96DDFE201D6D7F000001 /* Classes */ = {
			isa = PBXGroup;
			children = (
				E3847CAA14C9964100E8B5A7 /* AppViewControllers */,
				E3847CB414C9964C00E8B5A7 /* DownloadLogic */,
				E3847CBE14C9965600E8B5A7 /* Main */,
				E3847CC214C9966100E8B5A7 /* Notification */,
			);
			path = Classes;
			sourceTree = "<group>";
		};
		19C28FACFE9D520D11CA2CBB /* Products */ = {
			isa = PBXGroup;
			children = (
				1D6058910D05DD3D006BFB54 /* SCBUTube.app */,
			);
			name = Products;
			sourceTree = "<group>";
		};
		29B97314FDCFA39411CA2CEA /* CustomTemplate */ = {
			isa = PBXGroup;
			children = (
				E37A1BAF14DE663F004D24EA /* PeerFun */,
				E3E646AA14DC2FBE00C23718 /* Objective-Zip */,
				E32B217514BE874A005EBF49 /* Connection */,
				E32B214614BE84BF005EBF49 /* CommonLogTemplates */,
				080E96DDFE201D6D7F000001 /* Classes */,
				E3847D0914C99CE900E8B5A7 /* UI */,
				E3847CC614C9969D00E8B5A7 /* Resources */,
				E3847CEF14C996B200E8B5A7 /* Other Sources */,
				29B97323FDCFA39411CA2CEA /* Frameworks */,
				19C28FACFE9D520D11CA2CBB /* Products */,
			);
			name = CustomTemplate;
			sourceTree = "<group>";
		};
		29B97323FDCFA39411CA2CEA /* Frameworks */ = {
			isa = PBXGroup;
			children = (
				E3847CF414C996EB00E8B5A7 /* Core */,
				E3847CF314C996C800E8B5A7 /* DependencyProjects */,
			);
			name = Frameworks;
			sourceTree = "<group>";
		};
		E32B211314BE82A8005EBF49 /* Products */ = {
			isa = PBXGroup;
			children = (
				E32B211B14BE82A8005EBF49 /* libCocoaHTTPServer.a */,
			);
			name = Products;
			sourceTree = "<group>";
		};
		E32B214614BE84BF005EBF49 /* CommonLogTemplates */ = {
			isa = PBXGroup;
			children = (
				E32B214714BE84BF005EBF49 /* CustomContextFilter */,
				E32B214B14BE84BF005EBF49 /* CustomFormatters */,
				E32B214E14BE84BF005EBF49 /* CustomLogLevel */,
				E32B215114BE84BF005EBF49 /* FineGrainedLogging */,
				E32B215414BE84BF005EBF49 /* Web */,
			);
			name = CommonLogTemplates;
			path = Components/CommonLogTemplates;
			sourceTree = "<group>";
		};
		E32B214714BE84BF005EBF49 /* CustomContextFilter */ = {
			isa = PBXGroup;
			children = (
				E32B214814BE84BF005EBF49 /* EndUserContextFilter.h */,
				E32B214914BE84BF005EBF49 /* EndUserContextFilter.m */,
				E32B214A14BE84BF005EBF49 /* EndUserLogging.h */,
			);
			path = CustomContextFilter;
			sourceTree = "<group>";
		};
		E32B214B14BE84BF005EBF49 /* CustomFormatters */ = {
			isa = PBXGroup;
			children = (
				E32B214C14BE84BF005EBF49 /* CustomLogFormatter.h */,
				E32B214D14BE84BF005EBF49 /* CustomLogFormatter.m */,
			);
			path = CustomFormatters;
			sourceTree = "<group>";
		};
		E32B214E14BE84BF005EBF49 /* CustomLogLevel */ = {
			isa = PBXGroup;
			children = (
				E32B214F14BE84BF005EBF49 /* CustomLogLevel.h */,
				E32B215014BE84BF005EBF49 /* GlobalLogging.h */,
			);
			path = CustomLogLevel;
			sourceTree = "<group>";
		};
		E32B215114BE84BF005EBF49 /* FineGrainedLogging */ = {
			isa = PBXGroup;
			children = (
				E32B215214BE84BF005EBF49 /* FineGrainedLog.h */,
				E32B215314BE84BF005EBF49 /* ReadMe.txt */,
			);
			path = FineGrainedLogging;
			sourceTree = "<group>";
		};
		E32B215414BE84BF005EBF49 /* Web */ = {
			isa = PBXGroup;
			children = (
				E32B215514BE84BF005EBF49 /* index.html */,
				E32B215614BE84BF005EBF49 /* jquery-1.4.2.min.js */,
				E32B215714BE84BF005EBF49 /* socket.html */,
				A77C41151627FFC600898633 /* colgate.mp4 */,
				E32B215814BE84BF005EBF49 /* styles.css */,
				A78C99AB162BDE210050BBAC /* prog_index.m3u8 */,
			);
			path = Web;
			sourceTree = "<group>";
		};
		E32B217514BE874A005EBF49 /* Connection */ = {
			isa = PBXGroup;
			children = (
				E32B217614BE874A005EBF49 /* WebHTTPConnection.h */,
				E32B217714BE874A005EBF49 /* WebHTTPConnection.m */,
			);
			name = Connection;
			path = Components/Connection;
			sourceTree = "<group>";
		};
		E37A1BAF14DE663F004D24EA /* PeerFun */ = {
			isa = PBXGroup;
			children = (
				E37A1BB014DE663F004D24EA /* Classes */,
				E37A1BEE14DE663F004D24EA /* Resources */,
			);
			name = PeerFun;
			path = Components/PeerFun;
			sourceTree = "<group>";
		};
		E37A1BB014DE663F004D24EA /* Classes */ = {
			isa = PBXGroup;
			children = (
				E37A1BB114DE663F004D24EA /* ARVideo */,
				E37A1BC014DE663F004D24EA /* Collaboration */,
				E37A1BCA14DE663F004D24EA /* httpServer */,
				E37A1BD214DE663F004D24EA /* Lobby */,
				E37A1BD514DE663F004D24EA /* Logger */,
				E37A1BDF14DE663F004D24EA /* VideoManagement */,
				E37A1BE214DE663F004D24EA /* Voice */,
			);
			path = Classes;
			sourceTree = "<group>";
		};
		E37A1BB114DE663F004D24EA /* ARVideo */ = {
			isa = PBXGroup;
			children = (
				E37A1BB214DE663F004D24EA /* ARAnnotations.h */,
				E37A1BB314DE663F004D24EA /* ARAnnotations.m */,
				E37A1BB414DE663F004D24EA /* ARCoordinate.h */,
				E37A1BB514DE663F004D24EA /* ARCoordinate.m */,
				E37A1BB614DE663F004D24EA /* ARGeoCoordinate.h */,
				E37A1BB714DE663F004D24EA /* ARGeoCoordinate.m */,
				E37A1BB814DE663F004D24EA /* ARGeoViewController.h */,
				E37A1BB914DE663F004D24EA /* ARGeoViewController.m */,
				E37A1BBA14DE663F004D24EA /* ARViewController.h */,
				E37A1BBB14DE663F004D24EA /* ARViewController.m */,
				E37A1BBC14DE663F004D24EA /* LAAnnotation.h */,
				E37A1BBD14DE663F004D24EA /* LAAnnotation.m */,
				E37A1BBE14DE663F004D24EA /* LACircle.h */,
				E37A1BBF14DE663F004D24EA /* LACircle.m */,
			);
			path = ARVideo;
			sourceTree = "<group>";
		};
		E37A1BC014DE663F004D24EA /* Collaboration */ = {
			isa = PBXGroup;
			children = (
				E37A1BC114DE663F004D24EA /* Camera */,
				E37A1BC414DE663F004D24EA /* PicInPic */,
				E37A1BC714DE663F004D24EA /* View */,
			);
			path = Collaboration;
			sourceTree = "<group>";
		};
		E37A1BC114DE663F004D24EA /* Camera */ = {
			isa = PBXGroup;
			children = (
				E37A1BC214DE663F004D24EA /* Camera.h */,
				E37A1BC314DE663F004D24EA /* Camera.m */,
			);
			path = Camera;
			sourceTree = "<group>";
		};
		E37A1BC414DE663F004D24EA /* PicInPic */ = {
			isa = PBXGroup;
			children = (
				E37A1BC514DE663F004D24EA /* PictureInPictureViewController.h */,
				E37A1BC614DE663F004D24EA /* PictureInPictureViewController.m */,
			);
			path = PicInPic;
			sourceTree = "<group>";
		};
		E37A1BC714DE663F004D24EA /* View */ = {
			isa = PBXGroup;
			children = (
				E37A1BC814DE663F004D24EA /* CollaborationView.h */,
				E37A1BC914DE663F004D24EA /* CollaborationView.m */,
			);
			path = View;
			sourceTree = "<group>";
		};
		E37A1BCA14DE663F004D24EA /* httpServer */ = {
			isa = PBXGroup;
			children = (
				E37A1BCB14DE663F004D24EA /* AppLogFileResponse.h */,
				E37A1BCC14DE663F004D24EA /* AppLogFileResponse.m */,
				E37A1BCD14DE663F004D24EA /* MyCustomHTTPResponseHandler.h */,
				E37A1BCE14DE663F004D24EA /* MyCustomHTTPResponseHandler.m */,
				E37A1BCF14DE663F004D24EA /* MyCustomHTTPServer.h */,
				E37A1BD014DE663F004D24EA /* MyCustomHTTPServer.m */,
				E37A1BD114DE663F004D24EA /* SynthesizeSingleton.h */,
			);
			path = httpServer;
			sourceTree = "<group>";
		};
		E37A1BD214DE663F004D24EA /* Lobby */ = {
			isa = PBXGroup;
			children = (
				E37A1BD314DE663F004D24EA /* PeerLobbyController.h */,
				E37A1BD414DE663F004D24EA /* PeerLobbyController.m */,
			);
			path = Lobby;
			sourceTree = "<group>";
		};
		E37A1BD514DE663F004D24EA /* Logger */ = {
			isa = PBXGroup;
			children = (
				E37A1BD614DE663F004D24EA /* Extensions */,
				E37A1BD914DE663F004D24EA /* Main */,
			);
			path = Logger;
			sourceTree = "<group>";
		};
		E37A1BD614DE663F004D24EA /* Extensions */ = {
			isa = PBXGroup;
			children = (
				E37A1BD714DE663F004D24EA /* UIWindowAdditions.h */,
				E37A1BD814DE663F004D24EA /* UIWindowAdditions.m */,
			);
			path = Extensions;
			sourceTree = "<group>";
		};
		E37A1BD914DE663F004D24EA /* Main */ = {
			isa = PBXGroup;
			children = (
				E37A1BDA14DE663F004D24EA /* LoggerAppDelegate.h */,
				E37A1BDB14DE663F004D24EA /* LoggerAppDelegate.m */,
				E37A1BDC14DE663F004D24EA /* LoggerProtocol.h */,
				E37A1BDD14DE663F004D24EA /* LoggerViewController.h */,
				E37A1BDE14DE663F004D24EA /* LoggerViewController.m */,
			);
			path = Main;
			sourceTree = "<group>";
		};
		E37A1BDF14DE663F004D24EA /* VideoManagement */ = {
			isa = PBXGroup;
			children = (
				E37A1BE014DE663F004D24EA /* videoFrameManager.h */,
				E37A1BE114DE663F004D24EA /* videoFrameManager.m */,
			);
			path = VideoManagement;
			sourceTree = "<group>";
		};
		E37A1BE214DE663F004D24EA /* Voice */ = {
			isa = PBXGroup;
			children = (
				E37A1BE514DE663F004D24EA /* PeerVoiceController.h */,
				E37A1BE614DE663F004D24EA /* PeerVoiceController.m */,
				E37A1BE714DE663F004D24EA /* SessionManager.h */,
				E37A1BE814DE663F004D24EA /* SessionManager.m */,
				A773DB1216677F3E003CD6AB /* CustomMoviePlayerViewController.h */,
				A773DB1316677F3E003CD6AB /* CustomMoviePlayerViewController.m */,
				A761068616358CCB00F916E6 /* ListViewController.h */,
				A761068716358CCB00F916E6 /* ListViewController.m */,
				AF8B7A31163939AA000FCB97 /* VedioPlayingControllerViewController.h */,
				AF8B7A32163939AA000FCB97 /* VedioPlayingControllerViewController.m */,
			);
			path = Voice;
			sourceTree = "<group>";
		};
		E37A1BEE14DE663F004D24EA /* Resources */ = {
			isa = PBXGroup;
			children = (
				A761068816358CCB00F916E6 /* ListViewController.xib */,
				AF8B7A33163939AA000FCB97 /* VedioPlayingControllerViewController.xib */,
				E37A1C0F14DE66A8004D24EA /* PictureInPictureViewController.xib */,
				E37A1BF014DE663F004D24EA /* PeerLobbyController.xib */,
				E37A1BF114DE663F004D24EA /* PeerVoiceController.xib */,
			);
			path = Resources;
			sourceTree = "<group>";
		};
		E3847CAA14C9964100E8B5A7 /* AppViewControllers */ = {
			isa = PBXGroup;
			children = (
				E365D42A1673059B0049EA16 /* MultiRowDeleteTableViewController.h */,
				E365D42B1673059B0049EA16 /* MultiRowDeleteTableViewController.m */,
				E37A1BAC14DE53F1004D24EA /* PJMasterYTViewController.h */,
				E37A1BAD14DE53F1004D24EA /* PJMasterYTViewController.m */,
				E3847CAB14C9964100E8B5A7 /* DownloadQViewController.h */,
				E3847CAC14C9964100E8B5A7 /* DownloadQViewController.m */,
				E3847CAD14C9964100E8B5A7 /* DownloadsViewController.h */,
				E3847CAE14C9964100E8B5A7 /* DownloadsViewController.m */,
				E3847CAF14C9964100E8B5A7 /* SCBUTubeViewController.h */,
				E3847CB014C9964100E8B5A7 /* SCBUTubeViewController.m */,
			);
			path = AppViewControllers;
			sourceTree = "<group>";
		};
		E3847CB414C9964C00E8B5A7 /* DownloadLogic */ = {
			isa = PBXGroup;
			children = (
				E3847CB514C9964C00E8B5A7 /* DownloadInfo.h */,
				E3847CB614C9964C00E8B5A7 /* DownloadInfo.m */,
				E3847CB714C9964C00E8B5A7 /* DownloadManager.h */,
				E3847CB814C9964C00E8B5A7 /* DownloadManager.m */,
				E3847CB914C9964C00E8B5A7 /* UIDownloadBar.h */,
				E3847CBA14C9964C00E8B5A7 /* UIDownloadBar.m */,
			);
			path = DownloadLogic;
			sourceTree = "<group>";
		};
		E3847CBE14C9965600E8B5A7 /* Main */ = {
			isa = PBXGroup;
			children = (
				E33D7A4B14DD48D50063B80E /* PJDetailViewController.h */,
				E33D7A4C14DD48D50063B80E /* PJDetailViewController.m */,
				E33D7A4D14DD48D50063B80E /* PJMasterViewController.h */,
				E33D7A4E14DD48D50063B80E /* PJMasterViewController.m */,
				E3847CBF14C9965600E8B5A7 /* SCBUTubeAppDelegate.h */,
				E3847CC014C9965600E8B5A7 /* SCBUTubeAppDelegate.m */,
			);
			path = Main;
			sourceTree = "<group>";
		};
		E3847CC214C9966100E8B5A7 /* Notification */ = {
			isa = PBXGroup;
			children = (
				E3847CC314C9966100E8B5A7 /* SlideToCancelViewController.h */,
				E3847CC414C9966100E8B5A7 /* SlideToCancelViewController.m */,
			);
			path = Notification;
			sourceTree = "<group>";
		};
		E3847CC614C9969D00E8B5A7 /* Resources */ = {
			isa = PBXGroup;
			children = (
				8A3E129D167627CA0057B67C /* sharing-m.png */,
				8A3E129E167627CA0057B67C /* vdo-call-m.png */,
				8A3E129F167627CA0057B67C /* youtube-m.png */,
				E365D42D167305AC0049EA16 /* selected.png */,
				E365D42E167305AC0049EA16 /* unselected.png */,
				A78771831670FF0D00B4A500 /* icon.png */,
				E3847D1214C99FB300E8B5A7 /* downloadqueue.png */,
				8AE6360C1670EEC500E41C4D /* sharing.png */,
				8AE6360D1670EEC500E41C4D /* vdo-call.png */,
				8AE6360E1670EEC600E41C4D /* youtube.png */,
				E3847D0714C99CD800E8B5A7 /* forward.png */,
				E3847CCA14C9969D00E8B5A7 /* goback.png */,
				E3847CCF14C9969D00E8B5A7 /* noun_project_403_1.png */,
				E3847CD014C9969D00E8B5A7 /* noun_project_403_1@2x.png */,
				E3847CD114C9969D00E8B5A7 /* noun_project_533.png */,
				E3847CD214C9969D00E8B5A7 /* noun_project_533@2x.png */,
				E3847CD314C9969D00E8B5A7 /* pause.png */,
				E3847CD414C9969D00E8B5A7 /* Q.png */,
				E3847CD514C9969D00E8B5A7 /* QProgress.png */,
				E3847CD614C9969D00E8B5A7 /* ReStart.png */,
				E3847CD714C9969D00E8B5A7 /* SCBUTube-Info.plist */,
				E3847CD814C9969D00E8B5A7 /* sliderThumb.png */,
				E3847CD914C9969D00E8B5A7 /* sliderTrack.png */,
				E3847CDA14C9969D00E8B5A7 /* toolbar-queue.png */,
			);
			path = Resources;
			sourceTree = "<group>";
		};
		E3847CEF14C996B200E8B5A7 /* Other Sources */ = {
			isa = PBXGroup;
			children = (
				E3847CF014C996B200E8B5A7 /* main.m */,
				E3847D0214C9990E00E8B5A7 /* SCBUTube_Prefix.pch */,
			);
			path = "Other Sources";
			sourceTree = "<group>";
		};
		E3847CF314C996C800E8B5A7 /* DependencyProjects */ = {
			isa = PBXGroup;
			children = (
				E32B211214BE82A8005EBF49 /* CocoaHTTPServer.xcodeproj */,
			);
			name = DependencyProjects;
			sourceTree = "<group>";
		};
		E3847CF414C996EB00E8B5A7 /* Core */ = {
			isa = PBXGroup;
			children = (
				E37A1C1414DE672D004D24EA /* AudioToolbox.framework */,
				84EA8BC612D604AE0033C894 /* AVFoundation.framework */,
				E32B21AE14BE8FB9005EBF49 /* CFNetwork.framework */,
				288765A40DF7441C002DB57D /* CoreGraphics.framework */,
				E37A1C1214DE66ED004D24EA /* CoreLocation.framework */,
				84EA8BCC12D604B40033C894 /* CoreMedia.framework */,
				E37A1C1814DE675C004D24EA /* CoreVideo.framework */,
				1D30AB110D05D00D00671497 /* Foundation.framework */,
				E37A1C1614DE6735004D24EA /* GameKit.framework */,
				84EA8BD012D604BD0033C894 /* MediaPlayer.framework */,
				E37A1C1A14DE67BE004D24EA /* QuartzCore.framework */,
				1DF5F4DF0D08C38300B7A737 /* UIKit.framework */,
			);
			name = Core;
			sourceTree = "<group>";
		};
		E3847D0914C99CE900E8B5A7 /* UI */ = {
			isa = PBXGroup;
			children = (
				E33D7A5114DD48E80063B80E /* PJDetailViewController_iPad.xib */,
				E33D7A5214DD48E80063B80E /* PJDetailViewController_iPhone.xib */,
				E33D7A5314DD48E80063B80E /* PJMasterViewController_iPad.xib */,
				E33D7A5414DD48E80063B80E /* PJMasterViewController_iPhone.xib */,
				E3847D0A14C99CE900E8B5A7 /* DownloadQueue.xib */,
				E3847D0B14C99CE900E8B5A7 /* Downloads.xib */,
				E3847D0D14C99CE900E8B5A7 /* MyTubeViewController.xib */,
			);
			path = UI;
			sourceTree = "<group>";
		};
		E3E646AA14DC2FBE00C23718 /* Objective-Zip */ = {
			isa = PBXGroup;
			children = (
				E3E646AB14DC2FBE00C23718 /* Classes */,
				E3E646B314DC2FBE00C23718 /* MiniZip */,
				E3E646BD14DC2FBE00C23718 /* Objective-Zip */,
				E3E646CF14DC2FBE00C23718 /* ZLib */,
			);
			name = "Objective-Zip";
			path = "Components/Objective-Zip";
			sourceTree = "<group>";
		};
		E3E646AB14DC2FBE00C23718 /* Classes */ = {
			isa = PBXGroup;
			children = (
				E3E646AE14DC2FBE00C23718 /* Objective_Zipper.h */,
				E3E646AF14DC2FBE00C23718 /* Objective_Zipper.m */,
			);
			path = Classes;
			sourceTree = "<group>";
		};
		E3E646B314DC2FBE00C23718 /* MiniZip */ = {
			isa = PBXGroup;
			children = (
				E3E646B414DC2FBE00C23718 /* crypt.h */,
				E3E646B514DC2FBE00C23718 /* ioapi.c */,
				E3E646B614DC2FBE00C23718 /* ioapi.h */,
				E3E646B714DC2FBE00C23718 /* mztools.c */,
				E3E646B814DC2FBE00C23718 /* mztools.h */,
				E3E646B914DC2FBE00C23718 /* unzip.c */,
				E3E646BA14DC2FBE00C23718 /* unzip.h */,
				E3E646BB14DC2FBE00C23718 /* zip.c */,
				E3E646BC14DC2FBE00C23718 /* zip.h */,
			);
			path = MiniZip;
			sourceTree = "<group>";
		};
		E3E646BD14DC2FBE00C23718 /* Objective-Zip */ = {
			isa = PBXGroup;
			children = (
				E3E646BE14DC2FBE00C23718 /* FileInZipInfo.h */,
				E3E646BF14DC2FBE00C23718 /* FileInZipInfo.m */,
				E3E646C014DC2FBE00C23718 /* ZipException.h */,
				E3E646C114DC2FBE00C23718 /* ZipException.m */,
				E3E646C214DC2FBE00C23718 /* ZipFile.h */,
				E3E646C314DC2FBE00C23718 /* ZipFile.m */,
				E3E646C414DC2FBE00C23718 /* ZipReadStream.h */,
				E3E646C514DC2FBE00C23718 /* ZipReadStream.m */,
				E3E646C614DC2FBE00C23718 /* ZipWriteStream.h */,
				E3E646C714DC2FBE00C23718 /* ZipWriteStream.m */,
			);
			path = "Objective-Zip";
			sourceTree = "<group>";
		};
		E3E646CF14DC2FBE00C23718 /* ZLib */ = {
			isa = PBXGroup;
			children = (
				E3E646D014DC2FBE00C23718 /* adler32.c */,
				E3E646D114DC2FBE00C23718 /* compress.c */,
				E3E646D214DC2FBE00C23718 /* crc32.c */,
				E3E646D314DC2FBE00C23718 /* crc32.h */,
				E3E646D414DC2FBE00C23718 /* deflate.c */,
				E3E646D514DC2FBE00C23718 /* deflate.h */,
				E3E646D614DC2FBE00C23718 /* gzio.c */,
				E3E646D714DC2FBE00C23718 /* infback.c */,
				E3E646D814DC2FBE00C23718 /* inffast.c */,
				E3E646D914DC2FBE00C23718 /* inffast.h */,
				E3E646DA14DC2FBE00C23718 /* inffixed.h */,
				E3E646DB14DC2FBE00C23718 /* inflate.c */,
				E3E646DC14DC2FBE00C23718 /* inflate.h */,
				E3E646DD14DC2FBE00C23718 /* inftrees.c */,
				E3E646DE14DC2FBE00C23718 /* inftrees.h */,
				E3E646DF14DC2FBE00C23718 /* trees.c */,
				E3E646E014DC2FBE00C23718 /* trees.h */,
				E3E646E114DC2FBE00C23718 /* uncompr.c */,
				E3E646E214DC2FBE00C23718 /* zconf.h */,
				E3E646E314DC2FBE00C23718 /* zlib.h */,
				E3E646E414DC2FBE00C23718 /* zutil.c */,
				E3E646E514DC2FBE00C23718 /* zutil.h */,
			);
			path = ZLib;
			sourceTree = "<group>";
		};
/* End PBXGroup section */

/* Begin PBXNativeTarget section */
		1D6058900D05DD3D006BFB54 /* SCBUTube */ = {
			isa = PBXNativeTarget;
			buildConfigurationList = 1D6058960D05DD3E006BFB54 /* Build configuration list for PBXNativeTarget "SCBUTube" */;
			buildPhases = (
				1D60588D0D05DD3D006BFB54 /* Resources */,
				1D60588E0D05DD3D006BFB54 /* Sources */,
				1D60588F0D05DD3D006BFB54 /* Frameworks */,
			);
			buildRules = (
			);
			dependencies = (
				E32B212514BE82F7005EBF49 /* PBXTargetDependency */,
			);
			name = SCBUTube;
			productName = MyTube;
			productReference = 1D6058910D05DD3D006BFB54 /* SCBUTube.app */;
			productType = "com.apple.product-type.application";
		};
/* End PBXNativeTarget section */

/* Begin PBXProject section */
		29B97313FDCFA39411CA2CEA /* Project object */ = {
			isa = PBXProject;
			attributes = {
				LastUpgradeCheck = 0420;
			};
			buildConfigurationList = C01FCF4E08A954540054247B /* Build configuration list for PBXProject "SCBUTube" */;
			compatibilityVersion = "Xcode 3.2";
			developmentRegion = English;
			hasScannedForEncodings = 1;
			knownRegions = (
				English,
				Japanese,
				French,
				German,
			);
			mainGroup = 29B97314FDCFA39411CA2CEA /* CustomTemplate */;
			projectDirPath = "";
			projectReferences = (
				{
					ProductGroup = E32B211314BE82A8005EBF49 /* Products */;
					ProjectRef = E32B211214BE82A8005EBF49 /* CocoaHTTPServer.xcodeproj */;
				},
			);
			projectRoot = "";
			targets = (
				1D6058900D05DD3D006BFB54 /* SCBUTube */,
			);
		};
/* End PBXProject section */

/* Begin PBXReferenceProxy section */
		E32B211B14BE82A8005EBF49 /* libCocoaHTTPServer.a */ = {
			isa = PBXReferenceProxy;
			fileType = archive.ar;
			path = libCocoaHTTPServer.a;
			remoteRef = E32B211A14BE82A8005EBF49 /* PBXContainerItemProxy */;
			sourceTree = BUILT_PRODUCTS_DIR;
		};
/* End PBXReferenceProxy section */

/* Begin PBXResourcesBuildPhase section */
		1D60588D0D05DD3D006BFB54 /* Resources */ = {
			isa = PBXResourcesBuildPhase;
			buildActionMask = 2147483647;
			files = (
				E32B215C14BE84BF005EBF49 /* index.html in Resources */,
				E32B215E14BE84BF005EBF49 /* socket.html in Resources */,
				E32B215F14BE84BF005EBF49 /* styles.css in Resources */,
				E32B216014BE84E8005EBF49 /* jquery-1.4.2.min.js in Resources */,
				E3847CDE14C9969D00E8B5A7 /* goback.png in Resources */,
				E3847CE314C9969D00E8B5A7 /* noun_project_403_1.png in Resources */,
				E3847CE414C9969D00E8B5A7 /* noun_project_403_1@2x.png in Resources */,
				E3847CE514C9969D00E8B5A7 /* noun_project_533.png in Resources */,
				E3847CE614C9969D00E8B5A7 /* noun_project_533@2x.png in Resources */,
				E3847CE714C9969D00E8B5A7 /* pause.png in Resources */,
				E3847CE814C9969D00E8B5A7 /* Q.png in Resources */,
				E3847CE914C9969D00E8B5A7 /* QProgress.png in Resources */,
				E3847CEA14C9969D00E8B5A7 /* ReStart.png in Resources */,
				E3847CEC14C9969D00E8B5A7 /* sliderThumb.png in Resources */,
				E3847CED14C9969D00E8B5A7 /* sliderTrack.png in Resources */,
				E3847CEE14C9969D00E8B5A7 /* toolbar-queue.png in Resources */,
				E3847D0814C99CD800E8B5A7 /* forward.png in Resources */,
				E3847D0E14C99CE900E8B5A7 /* DownloadQueue.xib in Resources */,
				E3847D0F14C99CE900E8B5A7 /* Downloads.xib in Resources */,
				E3847D1114C99CE900E8B5A7 /* MyTubeViewController.xib in Resources */,
				E3847D1314C99FB300E8B5A7 /* downloadqueue.png in Resources */,
				E33D7A5514DD48E80063B80E /* PJDetailViewController_iPad.xib in Resources */,
				E33D7A5614DD48E80063B80E /* PJDetailViewController_iPhone.xib in Resources */,
				E33D7A5714DD48E80063B80E /* PJMasterViewController_iPad.xib in Resources */,
				E33D7A5814DD48E80063B80E /* PJMasterViewController_iPhone.xib in Resources */,
				E37A1C0C14DE663F004D24EA /* PeerLobbyController.xib in Resources */,
				E37A1C0D14DE663F004D24EA /* PeerVoiceController.xib in Resources */,
				E37A1C1114DE66A8004D24EA /* PictureInPictureViewController.xib in Resources */,
				A78C99AC162BDE210050BBAC /* prog_index.m3u8 in Resources */,
				A761068A16358CCB00F916E6 /* ListViewController.xib in Resources */,
				AF8B7A35163939AA000FCB97 /* VedioPlayingControllerViewController.xib in Resources */,
				8AE6360F1670EEC700E41C4D /* sharing.png in Resources */,
				8AE636101670EEC700E41C4D /* vdo-call.png in Resources */,
				8AE636111670EEC700E41C4D /* youtube.png in Resources */,
				A78771841670FF0D00B4A500 /* icon.png in Resources */,
				E365D42F167305AC0049EA16 /* selected.png in Resources */,
				E365D430167305AC0049EA16 /* unselected.png in Resources */,
				8A3E12A0167627CA0057B67C /* sharing-m.png in Resources */,
				8A3E12A1167627CA0057B67C /* vdo-call-m.png in Resources */,
				8A3E12A2167627CA0057B67C /* youtube-m.png in Resources */,
			);
			runOnlyForDeploymentPostprocessing = 0;
		};
/* End PBXResourcesBuildPhase section */

/* Begin PBXSourcesBuildPhase section */
		1D60588E0D05DD3D006BFB54 /* Sources */ = {
			isa = PBXSourcesBuildPhase;
			buildActionMask = 2147483647;
			files = (
				E32B215914BE84BF005EBF49 /* EndUserContextFilter.m in Sources */,
				E32B215A14BE84BF005EBF49 /* CustomLogFormatter.m in Sources */,
				E32B217814BE874A005EBF49 /* WebHTTPConnection.m in Sources */,
				E3847CB114C9964100E8B5A7 /* DownloadQViewController.m in Sources */,
				E3847CB214C9964100E8B5A7 /* DownloadsViewController.m in Sources */,
				E3847CB314C9964100E8B5A7 /* SCBUTubeViewController.m in Sources */,
				E3847CBB14C9964C00E8B5A7 /* DownloadInfo.m in Sources */,
				E3847CBC14C9964C00E8B5A7 /* DownloadManager.m in Sources */,
				E3847CBD14C9964C00E8B5A7 /* UIDownloadBar.m in Sources */,
				E3847CC114C9965600E8B5A7 /* SCBUTubeAppDelegate.m in Sources */,
				E3847CC514C9966100E8B5A7 /* SlideToCancelViewController.m in Sources */,
				E3847CF214C996B200E8B5A7 /* main.m in Sources */,
				E3E646EB14DC2FBE00C23718 /* Objective_Zipper.m in Sources */,
				E3E646EF14DC2FBE00C23718 /* ioapi.c in Sources */,
				E3E646F014DC2FBE00C23718 /* mztools.c in Sources */,
				E3E646F114DC2FBE00C23718 /* unzip.c in Sources */,
				E3E646F214DC2FBE00C23718 /* zip.c in Sources */,
				E3E646F314DC2FBE00C23718 /* FileInZipInfo.m in Sources */,
				E3E646F414DC2FBE00C23718 /* ZipException.m in Sources */,
				E3E646F514DC2FBE00C23718 /* ZipFile.m in Sources */,
				E3E646F614DC2FBE00C23718 /* ZipReadStream.m in Sources */,
				E3E646F714DC2FBE00C23718 /* ZipWriteStream.m in Sources */,
				E3E646FB14DC2FBE00C23718 /* adler32.c in Sources */,
				E3E646FC14DC2FBE00C23718 /* compress.c in Sources */,
				E3E646FD14DC2FBE00C23718 /* crc32.c in Sources */,
				E3E646FE14DC2FBE00C23718 /* deflate.c in Sources */,
				E3E646FF14DC2FBE00C23718 /* gzio.c in Sources */,
				E3E6470014DC2FBE00C23718 /* infback.c in Sources */,
				E3E6470114DC2FBE00C23718 /* inffast.c in Sources */,
				E3E6470214DC2FBE00C23718 /* inflate.c in Sources */,
				E3E6470314DC2FBE00C23718 /* inftrees.c in Sources */,
				E3E6470414DC2FBE00C23718 /* trees.c in Sources */,
				E3E6470514DC2FBE00C23718 /* uncompr.c in Sources */,
				E3E6470614DC2FBE00C23718 /* zutil.c in Sources */,
				E33D7A4F14DD48D50063B80E /* PJDetailViewController.m in Sources */,
				E33D7A5014DD48D50063B80E /* PJMasterViewController.m in Sources */,
				E37A1BAE14DE53F1004D24EA /* PJMasterYTViewController.m in Sources */,
				E37A1BF214DE663F004D24EA /* ARAnnotations.m in Sources */,
				E37A1BF314DE663F004D24EA /* ARCoordinate.m in Sources */,
				E37A1BF414DE663F004D24EA /* ARGeoCoordinate.m in Sources */,
				E37A1BF514DE663F004D24EA /* ARGeoViewController.m in Sources */,
				E37A1BF614DE663F004D24EA /* ARViewController.m in Sources */,
				E37A1BF714DE663F004D24EA /* LAAnnotation.m in Sources */,
				E37A1BF814DE663F004D24EA /* LACircle.m in Sources */,
				E37A1BF914DE663F004D24EA /* Camera.m in Sources */,
				E37A1BFA14DE663F004D24EA /* PictureInPictureViewController.m in Sources */,
				E37A1BFB14DE663F004D24EA /* CollaborationView.m in Sources */,
				E37A1BFC14DE663F004D24EA /* AppLogFileResponse.m in Sources */,
				E37A1BFD14DE663F004D24EA /* MyCustomHTTPResponseHandler.m in Sources */,
				E37A1BFE14DE663F004D24EA /* MyCustomHTTPServer.m in Sources */,
				E37A1BFF14DE663F004D24EA /* PeerLobbyController.m in Sources */,
				E37A1C0014DE663F004D24EA /* UIWindowAdditions.m in Sources */,
				E37A1C0114DE663F004D24EA /* LoggerAppDelegate.m in Sources */,
				E37A1C0214DE663F004D24EA /* LoggerViewController.m in Sources */,
				E37A1C0314DE663F004D24EA /* videoFrameManager.m in Sources */,
				E37A1C0514DE663F004D24EA /* PeerVoiceController.m in Sources */,
				E37A1C0614DE663F004D24EA /* SessionManager.m in Sources */,
				A761068916358CCB00F916E6 /* ListViewController.m in Sources */,
				AF8B7A34163939AA000FCB97 /* VedioPlayingControllerViewController.m in Sources */,
				A773DB1416677F3E003CD6AB /* CustomMoviePlayerViewController.m in Sources */,
				E365D42C1673059B0049EA16 /* MultiRowDeleteTableViewController.m in Sources */,
			);
			runOnlyForDeploymentPostprocessing = 0;
		};
/* End PBXSourcesBuildPhase section */

/* Begin PBXTargetDependency section */
		E32B212514BE82F7005EBF49 /* PBXTargetDependency */ = {
			isa = PBXTargetDependency;
			name = CocoaHTTPServer;
			targetProxy = E32B212414BE82F7005EBF49 /* PBXContainerItemProxy */;
		};
/* End PBXTargetDependency section */

/* Begin XCBuildConfiguration section */
		1D6058940D05DD3E006BFB54 /* Debug */ = {
			isa = XCBuildConfiguration;
			buildSettings = {
				ALWAYS_SEARCH_USER_PATHS = NO;
				ARCHS = "$(ARCHS_STANDARD_32_BIT)";
				CODE_SIGN_IDENTITY = "iPhone Developer";
				COPY_PHASE_STRIP = NO;
				GCC_DYNAMIC_NO_PIC = NO;
				GCC_OPTIMIZATION_LEVEL = 0;
				GCC_PRECOMPILE_PREFIX_HEADER = YES;
				GCC_PREFIX_HEADER = SCBUTube_Prefix.pch;
				HEADER_SEARCH_PATHS = (
					"$(BUILD_DIR)/$(CONFIGURATION)$(EFFECTIVE_PLATFORM_NAME)/usr/local/include/",
					"$(DSTROOT)/usr/local/include",
				);
				INFOPLIST_FILE = "$(SRCROOT)/Resources/SCBUTube-Info.plist";
				IPHONEOS_DEPLOYMENT_TARGET = 5.0;
				LIBRARY_SEARCH_PATHS = (
					"$(inherited)",
					"\"$(SRCROOT)\"",
					"$(BUILD_DIR)/$(CONFIGURATION)$(EFFECTIVE_PLATFORM_NAME)",
				);
				OTHER_LDFLAGS = "-ObjC";
				PRODUCT_NAME = SCBUTube;
				PROVISIONING_PROFILE = "";
				TARGETED_DEVICE_FAMILY = 1;
				VALID_ARCHS = "armv7 armv6 armv7s";
			};
			name = Debug;
		};
		1D6058950D05DD3E006BFB54 /* Release */ = {
			isa = XCBuildConfiguration;
			buildSettings = {
				ALWAYS_SEARCH_USER_PATHS = NO;
				ARCHS = "$(ARCHS_STANDARD_32_BIT)";
				CODE_SIGN_IDENTITY = "iPhone Developer";
				"CODE_SIGN_IDENTITY[sdk=iphoneos*]" = "iPhone Developer";
				COPY_PHASE_STRIP = YES;
				GCC_PRECOMPILE_PREFIX_HEADER = YES;
				GCC_PREFIX_HEADER = SCBUTube_Prefix.pch;
				HEADER_SEARCH_PATHS = (
					"$(BUILD_DIR)/$(CONFIGURATION)$(EFFECTIVE_PLATFORM_NAME)/usr/local/include/",
					"$(DSTROOT)/usr/local/include",
				);
				INFOPLIST_FILE = "$(SRCROOT)/Resources/SCBUTube-Info.plist";
				IPHONEOS_DEPLOYMENT_TARGET = 5.0;
				LIBRARY_SEARCH_PATHS = (
					"$(inherited)",
					"\"$(SRCROOT)\"",
					"$(BUILD_DIR)/$(CONFIGURATION)$(EFFECTIVE_PLATFORM_NAME)",
				);
				OTHER_LDFLAGS = "-ObjC";
				PRODUCT_NAME = SCBUTube;
				PROVISIONING_PROFILE = "";
				"PROVISIONING_PROFILE[sdk=iphoneos*]" = "";
				TARGETED_DEVICE_FAMILY = 1;
				VALIDATE_PRODUCT = YES;
				VALID_ARCHS = "armv7 armv6 armv7s";
			};
			name = Release;
		};
		C01FCF4F08A954540054247B /* Debug */ = {
			isa = XCBuildConfiguration;
			buildSettings = {
				ALWAYS_SEARCH_USER_PATHS = NO;
				ARCHS = "$(ARCHS_STANDARD_32_BIT)";
				CODE_SIGN_IDENTITY = "iPhone Developer";
				"CODE_SIGN_IDENTITY[sdk=iphoneos*]" = "iPhone Developer";
				GCC_C_LANGUAGE_STANDARD = c99;
				GCC_WARN_ABOUT_RETURN_TYPE = YES;
				GCC_WARN_UNUSED_VARIABLE = YES;
				HEADER_SEARCH_PATHS = (
					"$(BUILD_DIR)/$(CONFIGURATION)$(EFFECTIVE_PLATFORM_NAME)/usr/local/include/",
					"$(DSTROOT)/usr/local/include",
				);
				INFOPLIST_FILE = "$(SRCROOT)/Resources/SCBUTube-Info.plist";
				IPHONEOS_DEPLOYMENT_TARGET = 4.0;
				LIBRARY_SEARCH_PATHS = "$(BUILD_DIR)/$(CONFIGURATION)$(EFFECTIVE_PLATFORM_NAME)";
				PROVISIONING_PROFILE = "";
				"PROVISIONING_PROFILE[sdk=iphoneos*]" = "";
				SDKROOT = iphoneos;
			};
			name = Debug;
		};
		C01FCF5008A954540054247B /* Release */ = {
			isa = XCBuildConfiguration;
			buildSettings = {
				ALWAYS_SEARCH_USER_PATHS = NO;
				ARCHS = "$(ARCHS_STANDARD_32_BIT)";
				CODE_SIGN_IDENTITY = "iPhone Developer";
				"CODE_SIGN_IDENTITY[sdk=iphoneos*]" = "iPhone Developer";
				GCC_C_LANGUAGE_STANDARD = c99;
				GCC_WARN_ABOUT_RETURN_TYPE = YES;
				GCC_WARN_UNUSED_VARIABLE = YES;
				HEADER_SEARCH_PATHS = (
					"$(BUILD_DIR)/$(CONFIGURATION)$(EFFECTIVE_PLATFORM_NAME)/usr/local/include/",
					"$(DSTROOT)/usr/local/include",
				);
				INFOPLIST_FILE = "$(SRCROOT)/Resources/SCBUTube-Info.plist";
				IPHONEOS_DEPLOYMENT_TARGET = 4.0;
				LIBRARY_SEARCH_PATHS = "$(BUILD_DIR)/$(CONFIGURATION)$(EFFECTIVE_PLATFORM_NAME)";
				OTHER_CFLAGS = "-DNS_BLOCK_ASSERTIONS=1";
				PROVISIONING_PROFILE = "";
				"PROVISIONING_PROFILE[sdk=iphoneos*]" = "";
				SDKROOT = iphoneos;
			};
			name = Release;
		};
/* End XCBuildConfiguration section */

/* Begin XCConfigurationList section */
		1D6058960D05DD3E006BFB54 /* Build configuration list for PBXNativeTarget "SCBUTube" */ = {
			isa = XCConfigurationList;
			buildConfigurations = (
				1D6058940D05DD3E006BFB54 /* Debug */,
				1D6058950D05DD3E006BFB54 /* Release */,
			);
			defaultConfigurationIsVisible = 0;
			defaultConfigurationName = Release;
		};
		C01FCF4E08A954540054247B /* Build configuration list for PBXProject "SCBUTube" */ = {
			isa = XCConfigurationList;
			buildConfigurations = (
				C01FCF4F08A954540054247B /* Debug */,
				C01FCF5008A954540054247B /* Release */,
			);
			defaultConfigurationIsVisible = 0;
			defaultConfigurationName = Release;
		};
/* End XCConfigurationList section */
	};
	rootObject = 29B97313FDCFA39411CA2CEA /* Project object */;
}
